// !$*UTF8*$!
{
	archiveVersion = 1;
	classes = {
	};
	objectVersion = 77;
	objects = {

/* Begin PBXBuildFile section */
		008FD13D8AE76883BA6E4C0A /* WorkspacePage.swift in Sources */ = {isa = PBXBuildFile; fileRef = 9447D15E48181E5F166E22A6 /* WorkspacePage.swift */; };
		01A24DD7477F2A95C9EF42E0 /* document-renderer.js in Resources */ = {isa = PBXBuildFile; fileRef = A8C83388F2EE72EDED082639 /* document-renderer.js */; };
		036421AA923C27CCC1A4FE3A /* UsageMoneyFormatter.swift in Sources */ = {isa = PBXBuildFile; fileRef = 13B248061C8BA76C3B7DC1F8 /* UsageMoneyFormatter.swift */; };
		0A14CC9ED096B72837DF02F5 /* IceCandidateTests.swift in Sources */ = {isa = PBXBuildFile; fileRef = 4F29B9E631BA0053CAC8D2A6 /* IceCandidateTests.swift */; };
		0ADF4AA4572DAF49C8A26900 /* AppIcon.icon in Resources */ = {isa = PBXBuildFile; fileRef = A84B645FE2D16EFA24FD14F6 /* AppIcon.icon */; };
		0B547D0A6B2838F62FB295E9 /* LucideSwift in Frameworks */ = {isa = PBXBuildFile; productRef = 06F665001E0BC007A06510C8 /* LucideSwift */; };
		0C50DA276AE717B500B6D27B /* ViewIconPicker.swift in Sources */ = {isa = PBXBuildFile; fileRef = 0B68348C7C35F8C9CAC737CA /* ViewIconPicker.swift */; };
		0C7BBCCED0B7814415E137A6 /* DrawingCanvas.swift in Sources */ = {isa = PBXBuildFile; fileRef = 732B16DF3002A0A3499B1ADF /* DrawingCanvas.swift */; };
		0E75E028596697B06343F2F1 /* CanvasRenderTests.swift in Sources */ = {isa = PBXBuildFile; fileRef = EE5B1DCD63DC630D3ABFE455 /* CanvasRenderTests.swift */; };
		10DF53C41E4349033B09883C /* MachineProjectsPage.swift in Sources */ = {isa = PBXBuildFile; fileRef = CA401CA82CE41046F457D507 /* MachineProjectsPage.swift */; };
		13BAE6AC89AFF1FD2B6383B4 /* AttentionStore.swift in Sources */ = {isa = PBXBuildFile; fileRef = 91AE65432A65D98C4A7FE2CA /* AttentionStore.swift */; };
		163336C54358D26ACE3FBF53 /* ChatAttachmentButton.swift in Sources */ = {isa = PBXBuildFile; fileRef = FC93B189294B4D798A653EDC /* ChatAttachmentButton.swift */; };
		1D2828131C689B78A675A365 /* TerminalCompatibilityTests.swift in Sources */ = {isa = PBXBuildFile; fileRef = AA81AFC7F3E726AB38C0EE96 /* TerminalCompatibilityTests.swift */; };
		2039449EB696024C64A7D640 /* SwiftTerm in Frameworks */ = {isa = PBXBuildFile; productRef = 7DD6852AA11DD8F3D8DDDBDF /* SwiftTerm */; };
		22D4E7461B92CDB6FA1056BB /* ChatSubagentRow.swift in Sources */ = {isa = PBXBuildFile; fileRef = 2397286316071E20E0ED2DC4 /* ChatSubagentRow.swift */; };
		25B4857503D8DFE755FF2A5B /* ChatUserMessage.swift in Sources */ = {isa = PBXBuildFile; fileRef = 471831BDC3DDCA0967459945 /* ChatUserMessage.swift */; };
		269F292047616E3FDBF0B071 /* SessionScreenTests.swift in Sources */ = {isa = PBXBuildFile; fileRef = E238C46B1CEFBCE9B7DB5E24 /* SessionScreenTests.swift */; };
		2713C14E0E58D28E9F2CC645 /* DrawingEditorPage.swift in Sources */ = {isa = PBXBuildFile; fileRef = E4DF3856CE6E52165FC2B919 /* DrawingEditorPage.swift */; };
		27E066D39B716ECACB477F86 /* ChatPresentation.swift in Sources */ = {isa = PBXBuildFile; fileRef = 20F594D31BFE518F6FD7ABB0 /* ChatPresentation.swift */; };
		27F033AF6D9F55F874FD2E76 /* MachineUsagePage.swift in Sources */ = {isa = PBXBuildFile; fileRef = 055B44926C3693450CF4C1FC /* MachineUsagePage.swift */; };
		290C515FDEC7C2A90EB7AA84 /* DrawingExport.swift in Sources */ = {isa = PBXBuildFile; fileRef = E6D19F75A43457090EB0DC6E /* DrawingExport.swift */; };
		2A5A29AD37DB5525CEEB9105 /* PairMachinePage.swift in Sources */ = {isa = PBXBuildFile; fileRef = 7C81823373467CED5DF67CB7 /* PairMachinePage.swift */; };
		2BBA3A08D2566FBC4229CC85 /* UnifiedProjectsTests.swift in Sources */ = {isa = PBXBuildFile; fileRef = F056296AB12E6228D09966E2 /* UnifiedProjectsTests.swift */; };
		3391D7C7568ED8FABAA9E13F /* BrowserPage.swift in Sources */ = {isa = PBXBuildFile; fileRef = D779BA807ED5F459698AC2C0 /* BrowserPage.swift */; };
		36FDA8A2969517F544C26207 /* DocumentSceneTests.swift in Sources */ = {isa = PBXBuildFile; fileRef = 0416D221A1F144614E3E9A43 /* DocumentSceneTests.swift */; };
		3760C5DDD3133E07A429B593 /* document-scenes.json in Resources */ = {isa = PBXBuildFile; fileRef = 75DA6517FBC9FBF6C79776E2 /* document-scenes.json */; };
		397C943D1175F19383822284 /* ChatPresentationTests.swift in Sources */ = {isa = PBXBuildFile; fileRef = 29EB1C15C9B520845CD3BB82 /* ChatPresentationTests.swift */; };
		3A580D1A13AD08B9E927CEA4 /* ChatContent.swift in Sources */ = {isa = PBXBuildFile; fileRef = 207A88BAF2E56E0957CB1944 /* ChatContent.swift */; };
		3AF2536CFF4F274E9CA1F5B2 /* CanvasPage.swift in Sources */ = {isa = PBXBuildFile; fileRef = 78AF6CD8C27D406B882C8FA0 /* CanvasPage.swift */; };
		3D31A6E3A8580B2F81EE4763 /* ChatTimeline.swift in Sources */ = {isa = PBXBuildFile; fileRef = 5566FA42E11FDC5B932C0F2E /* ChatTimeline.swift */; };
		3F688FC111081CCF1B4670DF /* ChatModel.swift in Sources */ = {isa = PBXBuildFile; fileRef = 070AB913E963308BAD40498B /* ChatModel.swift */; };
		3FF11289E9C9D97393BA9DEC /* AttentionStoreTests.swift in Sources */ = {isa = PBXBuildFile; fileRef = 97203F1CB27A45176505F61D /* AttentionStoreTests.swift */; };
		41C3D20B7971939ABCAF2C24 /* DrawingAuthoring.swift in Sources */ = {isa = PBXBuildFile; fileRef = C62961727B814F8C43E406CD /* DrawingAuthoring.swift */; };
		451BCDFFE5D34B03207983C4 /* MobileStyle.swift in Sources */ = {isa = PBXBuildFile; fileRef = A8954363C79663F275CDF04A /* MobileStyle.swift */; };
		47F63AED54BDD919F5D130A2 /* ChatFileChanges.swift in Sources */ = {isa = PBXBuildFile; fileRef = 7B3EDC89A5AF9677DD9A62E7 /* ChatFileChanges.swift */; };
		48437C2B5BE9581B5612DF61 /* ChatActivityViews.swift in Sources */ = {isa = PBXBuildFile; fileRef = 0F3F8DD20F1E6829F55FE104 /* ChatActivityViews.swift */; };
		4A72905CB7BB90167D5186BD /* TerminalSnapshot.swift in Sources */ = {isa = PBXBuildFile; fileRef = DD1AADEED69848ED7D305964 /* TerminalSnapshot.swift */; };
		4B24983BBCA17EA6F22632D7 /* MachineIconState.swift in Sources */ = {isa = PBXBuildFile; fileRef = 0E13420E1D28A681FA26B33B /* MachineIconState.swift */; };
		4F55FC08F38F77B99650C774 /* SessionWorkspaceTests.swift in Sources */ = {isa = PBXBuildFile; fileRef = 1813EA5208B26BEDB337A946 /* SessionWorkspaceTests.swift */; };
		525328BF92CFEE7D18F48DD5 /* AppRuntime.swift in Sources */ = {isa = PBXBuildFile; fileRef = EE323EA02FEEF12048A2D3A8 /* AppRuntime.swift */; };
		52B0FA0AC6066442114E416D /* RuimtePulsar in Frameworks */ = {isa = PBXBuildFile; productRef = 3E8822A475571AAC0CFCF10F /* RuimtePulsar */; };
		537CCF8C7593D02A36693C89 /* LucideSwift in Frameworks */ = {isa = PBXBuildFile; productRef = 2E14885FED297F540167B50D /* LucideSwift */; };
		53D62364DA576BC5C95FD341 /* TerminalScreen.swift in Sources */ = {isa = PBXBuildFile; fileRef = 17236BE0F16BF4DE8C134009 /* TerminalScreen.swift */; };
		5789AC87C3A36DD33EE7D7DD /* NotificationsSettingsPage.swift in Sources */ = {isa = PBXBuildFile; fileRef = 8692B2C68758104DF29256D0 /* NotificationsSettingsPage.swift */; };
		59959A4B0DD426A2CB3F1DCF /* PrivacyInfo.xcprivacy in Resources */ = {isa = PBXBuildFile; fileRef = 7152C947C98B90BAB9EC4D82 /* PrivacyInfo.xcprivacy */; };
		5C706502AEBC21A671990235 /* MobileJSON.swift in Sources */ = {isa = PBXBuildFile; fileRef = 09EE2B3374AED0CCAB042E24 /* MobileJSON.swift */; };
		5D12CA030642E3773A89AC7D /* MarkdownBlocks.swift in Sources */ = {isa = PBXBuildFile; fileRef = 0429B47664965B5818CEAE8E /* MarkdownBlocks.swift */; };
		62D36AE12D4AFBB7A1AECA5C /* MobileWorkspace.swift in Sources */ = {isa = PBXBuildFile; fileRef = 4494CB22D3C1F93514921B21 /* MobileWorkspace.swift */; };
		637DA61429D380AEEAE04902 /* RuimtePulsar in Frameworks */ = {isa = PBXBuildFile; productRef = 7BBC3D3E95A8FFA51AEDDEE1 /* RuimtePulsar */; };
		646DFBD4CF754EC090A4239D /* ChatPreferences.swift in Sources */ = {isa = PBXBuildFile; fileRef = D938536D0453E8C833E785E7 /* ChatPreferences.swift */; };
		6DB0A1C6FE1BF1BEB67EFF37 /* RuimtePulsar in Frameworks */ = {isa = PBXBuildFile; productRef = D356DC5C4DF0605AD7A64646 /* RuimtePulsar */; };
		6E1E9DBFECB1FDABD1209FFE /* DocumentSceneLoader.swift in Sources */ = {isa = PBXBuildFile; fileRef = 1872DE55827E2897B8AFB130 /* DocumentSceneLoader.swift */; };
		6FA11605D9DE166F6C21D25C /* GitPage.swift in Sources */ = {isa = PBXBuildFile; fileRef = 4DE8F49A62B6E21105CD8F6A /* GitPage.swift */; };
		71F165040D575E124BBD716E /* MachineDetailsPage.swift in Sources */ = {isa = PBXBuildFile; fileRef = 17E81862798892622B5D43D1 /* MachineDetailsPage.swift */; };
		732C447BB97BFB93D6C23AD5 /* WorkspaceVisualTests.swift in Sources */ = {isa = PBXBuildFile; fileRef = D26BE9B9E4DD5A3540DE45FB /* WorkspaceVisualTests.swift */; };
		74C49C8FF69574D8408DE421 /* WorkspaceViewSections.swift in Sources */ = {isa = PBXBuildFile; fileRef = 19E795084D99E041A22F82D5 /* WorkspaceViewSections.swift */; };
		778AE32AE0E2E71F919F2B69 /* ChatStreaming.swift in Sources */ = {isa = PBXBuildFile; fileRef = 734608DCCFF78D2EC3AA1A53 /* ChatStreaming.swift */; };
		7790DAA9D3367EA110B768DD /* RuimtePulsar in Frameworks */ = {isa = PBXBuildFile; productRef = 9C53340AF650FD1171130411 /* RuimtePulsar */; };
		7A520DCC7261AB8C8C61F18C /* WelcomePage.swift in Sources */ = {isa = PBXBuildFile; fileRef = 1FAE5DD971FEE4F7A8B224B1 /* WelcomePage.swift */; };
		7A56FE4D5A125ECE0A147680 /* MarkdownMessage.swift in Sources */ = {isa = PBXBuildFile; fileRef = 9BE4363568E169F410A081A3 /* MarkdownMessage.swift */; };
		7DAD7D659128BC2DA3F462E8 /* NavigationRowTests.swift in Sources */ = {isa = PBXBuildFile; fileRef = A21EE5A4525ED716D15BF003 /* NavigationRowTests.swift */; };
		802A9A9A193CDB146D037CE7 /* PrivacyInfo.xcprivacy in Resources */ = {isa = PBXBuildFile; fileRef = 7152C947C98B90BAB9EC4D82 /* PrivacyInfo.xcprivacy */; };
		8270B0185E659FCCEDE90765 /* MobileSheet.swift in Sources */ = {isa = PBXBuildFile; fileRef = 5196DB934834DA206C75471E /* MobileSheet.swift */; };
		85A5AD591051CFA625E43D32 /* SessionVisualTests.swift in Sources */ = {isa = PBXBuildFile; fileRef = 58EC9A184CB76F10292FAF1E /* SessionVisualTests.swift */; };
		8B2254D79E8EC2C6114D483C /* PrivacyInfo.xcprivacy in Resources */ = {isa = PBXBuildFile; fileRef = 7152C947C98B90BAB9EC4D82 /* PrivacyInfo.xcprivacy */; };
		8B77DAF04DE9F9840327A5CC /* ProjectSVGRasterizer.swift in Sources */ = {isa = PBXBuildFile; fileRef = 9AB9B459492C2AF8E3631D88 /* ProjectSVGRasterizer.swift */; };
		8C9FF1DDE620F87C9C84679C /* AppHome.swift in Sources */ = {isa = PBXBuildFile; fileRef = 22EEF67D1BFFD71DFA7FA021 /* AppHome.swift */; };
		902C7797057362CD5310734B /* RuntimeStartupTests.swift in Sources */ = {isa = PBXBuildFile; fileRef = CF0183BD88185DD4301FC7B9 /* RuntimeStartupTests.swift */; };
		93687A4E25E26ACA4330A642 /* ChatDraftSyntax.swift in Sources */ = {isa = PBXBuildFile; fileRef = 50F5AB9F07A9DA47A43714BB /* ChatDraftSyntax.swift */; };
		93B147F9D1DC4B6DFF986E91 /* RuimteNotificationService.appex in Embed Foundation Extensions */ = {isa = PBXBuildFile; fileRef = 3DED45634E156A5B8CE75374 /* RuimteNotificationService.appex */; settings = {ATTRIBUTES = (RemoveHeadersOnCopy, ); }; };
		994370BF753F1907C78FE8EE /* DrawingEditorModel.swift in Sources */ = {isa = PBXBuildFile; fileRef = 492DA55F2EB18352FC26B750 /* DrawingEditorModel.swift */; };
		9DE1A20BEBFF846DDB83A793 /* UsageMoneyTests.swift in Sources */ = {isa = PBXBuildFile; fileRef = D74F291DD8E4AE6C0AC54175 /* UsageMoneyTests.swift */; };
		9DEFD88C67729CA71F4C0DD5 /* ChatScreen.swift in Sources */ = {isa = PBXBuildFile; fileRef = 111FDB97EC13D539638EFBEC /* ChatScreen.swift */; };
		9E88FFD2A389FE45658CA72E /* RuimteActivityWidget.swift in Sources */ = {isa = PBXBuildFile; fileRef = 9B79DEDEC6E3DBF60AE5EA23 /* RuimteActivityWidget.swift */; };
		9F7A6C18F309CBA783F95A4E /* WorkspaceNavigation.swift in Sources */ = {isa = PBXBuildFile; fileRef = F87147CB968B3A1A350EF934 /* WorkspaceNavigation.swift */; };
		A0DBF00425A7018625CCB128 /* LucideIcon.swift in Sources */ = {isa = PBXBuildFile; fileRef = 92115E2E20A2788AC95AD41F /* LucideIcon.swift */; };
		A11951888F286F8452A731D0 /* MachineFilesPage.swift in Sources */ = {isa = PBXBuildFile; fileRef = 49F9EC9D98983F163B9AE62C /* MachineFilesPage.swift */; };
		A29BA09E98A9386B690A002A /* RuimteApp.swift in Sources */ = {isa = PBXBuildFile; fileRef = 09CCDDD483546BE641151534 /* RuimteApp.swift */; };
		A4018BFBF14D0FA6CDCECEA2 /* LucideSwift in Frameworks */ = {isa = PBXBuildFile; productRef = 10DFA2EA63182CCBE1B7810F /* LucideSwift */; };
		AEFABCFC364116F1A99CC8A8 /* SharedMachineSession.swift in Sources */ = {isa = PBXBuildFile; fileRef = 653536E5B98BEFB676B13733 /* SharedMachineSession.swift */; };
		AFB579E716E1378515894206 /* ConnectionProbe.swift in Sources */ = {isa = PBXBuildFile; fileRef = 25A4F1FA154BE05D96BDFC6E /* ConnectionProbe.swift */; };
		B8D72A9CB141E5034E0596D4 /* WorkspaceViewSectionsTests.swift in Sources */ = {isa = PBXBuildFile; fileRef = AEE3E762A08E656C5BF5C92C /* WorkspaceViewSectionsTests.swift */; };
		B949A220D4C8ECC4FF9AA838 /* RuimteTransport in Frameworks */ = {isa = PBXBuildFile; productRef = 6FFA42FE75679D801B5D68D6 /* RuimteTransport */; };
		BA4E5634A953498E6EC34816 /* RemotePage.swift in Sources */ = {isa = PBXBuildFile; fileRef = 4717D1FF657FE5861D33BE92 /* RemotePage.swift */; };
		BA623D7F1AD8EA29890E9E41 /* UnifiedProjects.swift in Sources */ = {isa = PBXBuildFile; fileRef = 5A672F255CAFCD537E1F2A74 /* UnifiedProjects.swift */; };
		BCC27CF32DABE9F578EDC78C /* MobileSidebarList.swift in Sources */ = {isa = PBXBuildFile; fileRef = 78E4415FA265BC3864D12E58 /* MobileSidebarList.swift */; };
		BD2BF8096B72184143296EA2 /* Lucide-LICENSE.txt in Resources */ = {isa = PBXBuildFile; fileRef = 3B40C228DD8D4FB4A5D62BB5 /* Lucide-LICENSE.txt */; };
		C077E0093362AFCFC0EE2B3F /* Assets.xcassets in Resources */ = {isa = PBXBuildFile; fileRef = 2C204ABF7BF115B3485C914E /* Assets.xcassets */; };
		C22613F143FD3C92F3C92D76 /* MachineRemovalTests.swift in Sources */ = {isa = PBXBuildFile; fileRef = ABE8B97161FC6E9CE587F95C /* MachineRemovalTests.swift */; };
		C245FE68B77F65BA226290AA /* document-renderer-licenses.txt in Resources */ = {isa = PBXBuildFile; fileRef = D5D4B5EDC969E1EDFF6BF202 /* document-renderer-licenses.txt */; };
		C7B1C89782EBA8CF74012E0C /* RuimteTransport in Frameworks */ = {isa = PBXBuildFile; productRef = 11D5B18726EAC79012111C1C /* RuimteTransport */; };
		CAF7E05732303B93FF25B469 /* MobileScrollViewport.swift in Sources */ = {isa = PBXBuildFile; fileRef = 8449B851575DF02B5169572E /* MobileScrollViewport.swift */; };
		CBEDB2E1BC1FB79D8CF7BC7D /* PhaseZeroTests.swift in Sources */ = {isa = PBXBuildFile; fileRef = 28AB5F59239AB27AD0434DE3 /* PhaseZeroTests.swift */; };
		D3AE70D4B71CD32DD8D34D42 /* NotificationCoordinator.swift in Sources */ = {isa = PBXBuildFile; fileRef = 6E5C2124CCC572A4A3D407AB /* NotificationCoordinator.swift */; };
		D43A11554C08D7C39C95FAE9 /* Highlightr in Frameworks */ = {isa = PBXBuildFile; productRef = 37621C952E69C77E98AD85B1 /* Highlightr */; };
		D43CDF040DF82F5E2C648BE7 /* RuimteActivityWidget.appex in Embed Foundation Extensions */ = {isa = PBXBuildFile; fileRef = 453AE6630A2DEA42EDBA0A7D /* RuimteActivityWidget.appex */; settings = {ATTRIBUTES = (RemoveHeadersOnCopy, ); }; };
		D5C5B6D3EA9D21DAA758BF79 /* ChatContentTests.swift in Sources */ = {isa = PBXBuildFile; fileRef = 9F2414AA03D39CF3F8A6A5CC /* ChatContentTests.swift */; };
		D6FD6C3785D1017DC74B3E80 /* NotificationService.swift in Sources */ = {isa = PBXBuildFile; fileRef = 360CC2CFC02B68B045C92968 /* NotificationService.swift */; };
		DCDA9FE7463803051C29BB51 /* TerminalModel.swift in Sources */ = {isa = PBXBuildFile; fileRef = A531355B6DBA1AEA2747E700 /* TerminalModel.swift */; };
		DD033916C188637B3EA2D645 /* DrawingEditorTests.swift in Sources */ = {isa = PBXBuildFile; fileRef = 073C4EC8E14E8D8910DEF111 /* DrawingEditorTests.swift */; };
		E2188F2FE2D263B6F0876E58 /* RichChatComposer.swift in Sources */ = {isa = PBXBuildFile; fileRef = 3831E0DF8E82C62D0BB8F805 /* RichChatComposer.swift */; };
		E95A1AC133CF67657CEA99A3 /* ProjectArtworkTests.swift in Sources */ = {isa = PBXBuildFile; fileRef = 8ABABCDEEE659AD8B4D227A8 /* ProjectArtworkTests.swift */; };
		EE74DF5514DD201C33ACEA3E /* NotificationSessionPage.swift in Sources */ = {isa = PBXBuildFile; fileRef = E8658D05270F5D27871DF224 /* NotificationSessionPage.swift */; };
		EF671DDC2475C1E41165F98F /* MachineIconTests.swift in Sources */ = {isa = PBXBuildFile; fileRef = 7B02D669F665402B085C9E9C /* MachineIconTests.swift */; };
		F0D66FF5708BF6087C3BF13E /* ChatPreferencesTests.swift in Sources */ = {isa = PBXBuildFile; fileRef = FF9029F76C5575EFD4782635 /* ChatPreferencesTests.swift */; };
		F224DF80655AF5E08A5C578A /* ConnectionScreen.swift in Sources */ = {isa = PBXBuildFile; fileRef = 49B30EC9B23C65C35FC2E1B0 /* ConnectionScreen.swift */; };
		F4C315E3ABE645471F0C04C1 /* ProjectArtwork.swift in Sources */ = {isa = PBXBuildFile; fileRef = 62D07C5E01735816B53D3E59 /* ProjectArtwork.swift */; };
		F6559A2EF1AE52B8885568D7 /* RenderDocumentPage.swift in Sources */ = {isa = PBXBuildFile; fileRef = 089B611A941366002AA1307E /* RenderDocumentPage.swift */; };
		F874D15FCB67EC40A7D42242 /* ChatScrollTests.swift in Sources */ = {isa = PBXBuildFile; fileRef = 4CDF5772B5F82C25BC5C9B54 /* ChatScrollTests.swift */; };
/* End PBXBuildFile section */

/* Begin PBXContainerItemProxy section */
		07297B38AD818700B9B377CB /* PBXContainerItemProxy */ = {
			isa = PBXContainerItemProxy;
			containerPortal = 27157708FDFF436D10EB2555 /* Project object */;
			proxyType = 1;
			remoteGlobalIDString = 20562AFB64029FA09F8FEB87;
			remoteInfo = RuimteActivityWidget;
		};
		33A429305B9546FFA4096648 /* PBXContainerItemProxy */ = {
			isa = PBXContainerItemProxy;
			containerPortal = 27157708FDFF436D10EB2555 /* Project object */;
			proxyType = 1;
			remoteGlobalIDString = 7BD22B99EFE8225CBEC272FF;
			remoteInfo = Ruimte;
		};
		B62312E9F965BA5A13BE4F59 /* PBXContainerItemProxy */ = {
			isa = PBXContainerItemProxy;
			containerPortal = 27157708FDFF436D10EB2555 /* Project object */;
			proxyType = 1;
			remoteGlobalIDString = 7BD22B99EFE8225CBEC272FF;
			remoteInfo = Ruimte;
		};
		D9289AB9E9F1457CA1A5FAC2 /* PBXContainerItemProxy */ = {
			isa = PBXContainerItemProxy;
			containerPortal = 27157708FDFF436D10EB2555 /* Project object */;
			proxyType = 1;
			remoteGlobalIDString = CC1E9C6B630AB02BD409FA1C;
			remoteInfo = RuimteNotificationService;
		};
/* End PBXContainerItemProxy section */

/* Begin PBXCopyFilesBuildPhase section */
		0C60767BE4C316094BAA5C98 /* Embed Foundation Extensions */ = {
			isa = PBXCopyFilesBuildPhase;
			buildActionMask = 2147483647;
			dstPath = "";
			dstSubfolderSpec = 13;
			files = (
				93B147F9D1DC4B6DFF986E91 /* RuimteNotificationService.appex in Embed Foundation Extensions */,
				D43CDF040DF82F5E2C648BE7 /* RuimteActivityWidget.appex in Embed Foundation Extensions */,
			);
			name = "Embed Foundation Extensions";
			runOnlyForDeploymentPostprocessing = 0;
		};
/* End PBXCopyFilesBuildPhase section */

/* Begin PBXFileReference section */
		0416D221A1F144614E3E9A43 /* DocumentSceneTests.swift */ = {isa = PBXFileReference; lastKnownFileType = sourcecode.swift; path = DocumentSceneTests.swift; sourceTree = "<group>"; };
		0429B47664965B5818CEAE8E /* MarkdownBlocks.swift */ = {isa = PBXFileReference; lastKnownFileType = sourcecode.swift; path = MarkdownBlocks.swift; sourceTree = "<group>"; };
		055B44926C3693450CF4C1FC /* MachineUsagePage.swift */ = {isa = PBXFileReference; lastKnownFileType = sourcecode.swift; path = MachineUsagePage.swift; sourceTree = "<group>"; };
		070AB913E963308BAD40498B /* ChatModel.swift */ = {isa = PBXFileReference; lastKnownFileType = sourcecode.swift; path = ChatModel.swift; sourceTree = "<group>"; };
		073C4EC8E14E8D8910DEF111 /* DrawingEditorTests.swift */ = {isa = PBXFileReference; lastKnownFileType = sourcecode.swift; path = DrawingEditorTests.swift; sourceTree = "<group>"; };
		089B611A941366002AA1307E /* RenderDocumentPage.swift */ = {isa = PBXFileReference; lastKnownFileType = sourcecode.swift; path = RenderDocumentPage.swift; sourceTree = "<group>"; };
		09CCDDD483546BE641151534 /* RuimteApp.swift */ = {isa = PBXFileReference; lastKnownFileType = sourcecode.swift; path = RuimteApp.swift; sourceTree = "<group>"; };
		09EE2B3374AED0CCAB042E24 /* MobileJSON.swift */ = {isa = PBXFileReference; lastKnownFileType = sourcecode.swift; path = MobileJSON.swift; sourceTree = "<group>"; };
		0B68348C7C35F8C9CAC737CA /* ViewIconPicker.swift */ = {isa = PBXFileReference; lastKnownFileType = sourcecode.swift; path = ViewIconPicker.swift; sourceTree = "<group>"; };
		0E13420E1D28A681FA26B33B /* MachineIconState.swift */ = {isa = PBXFileReference; lastKnownFileType = sourcecode.swift; path = MachineIconState.swift; sourceTree = "<group>"; };
		0F3F8DD20F1E6829F55FE104 /* ChatActivityViews.swift */ = {isa = PBXFileReference; lastKnownFileType = sourcecode.swift; path = ChatActivityViews.swift; sourceTree = "<group>"; };
		111FDB97EC13D539638EFBEC /* ChatScreen.swift */ = {isa = PBXFileReference; lastKnownFileType = sourcecode.swift; path = ChatScreen.swift; sourceTree = "<group>"; };
		13B248061C8BA76C3B7DC1F8 /* UsageMoneyFormatter.swift */ = {isa = PBXFileReference; lastKnownFileType = sourcecode.swift; path = UsageMoneyFormatter.swift; sourceTree = "<group>"; };
		17236BE0F16BF4DE8C134009 /* TerminalScreen.swift */ = {isa = PBXFileReference; lastKnownFileType = sourcecode.swift; path = TerminalScreen.swift; sourceTree = "<group>"; };
		17E81862798892622B5D43D1 /* MachineDetailsPage.swift */ = {isa = PBXFileReference; lastKnownFileType = sourcecode.swift; path = MachineDetailsPage.swift; sourceTree = "<group>"; };
		1813EA5208B26BEDB337A946 /* SessionWorkspaceTests.swift */ = {isa = PBXFileReference; lastKnownFileType = sourcecode.swift; path = SessionWorkspaceTests.swift; sourceTree = "<group>"; };
		1872DE55827E2897B8AFB130 /* DocumentSceneLoader.swift */ = {isa = PBXFileReference; lastKnownFileType = sourcecode.swift; path = DocumentSceneLoader.swift; sourceTree = "<group>"; };
		19E795084D99E041A22F82D5 /* WorkspaceViewSections.swift */ = {isa = PBXFileReference; lastKnownFileType = sourcecode.swift; path = WorkspaceViewSections.swift; sourceTree = "<group>"; };
		1BE68222CFDCD5F3CD576D51 /* Ruimte.app */ = {isa = PBXFileReference; includeInIndex = 0; lastKnownFileType = wrapper.application; path = Ruimte.app; sourceTree = BUILT_PRODUCTS_DIR; };
		1FAE5DD971FEE4F7A8B224B1 /* WelcomePage.swift */ = {isa = PBXFileReference; lastKnownFileType = sourcecode.swift; path = WelcomePage.swift; sourceTree = "<group>"; };
		207A88BAF2E56E0957CB1944 /* ChatContent.swift */ = {isa = PBXFileReference; lastKnownFileType = sourcecode.swift; path = ChatContent.swift; sourceTree = "<group>"; };
		20F594D31BFE518F6FD7ABB0 /* ChatPresentation.swift */ = {isa = PBXFileReference; lastKnownFileType = sourcecode.swift; path = ChatPresentation.swift; sourceTree = "<group>"; };
		22EEF67D1BFFD71DFA7FA021 /* AppHome.swift */ = {isa = PBXFileReference; lastKnownFileType = sourcecode.swift; path = AppHome.swift; sourceTree = "<group>"; };
		2397286316071E20E0ED2DC4 /* ChatSubagentRow.swift */ = {isa = PBXFileReference; lastKnownFileType = sourcecode.swift; path = ChatSubagentRow.swift; sourceTree = "<group>"; };
		25A4F1FA154BE05D96BDFC6E /* ConnectionProbe.swift */ = {isa = PBXFileReference; lastKnownFileType = sourcecode.swift; path = ConnectionProbe.swift; sourceTree = "<group>"; };
		277C90606C3586426EE8CE7F /* RuimtePulsar */ = {isa = PBXFileReference; lastKnownFileType = folder; name = RuimtePulsar; path = Packages/RuimtePulsar; sourceTree = SOURCE_ROOT; };
		28AB5F59239AB27AD0434DE3 /* PhaseZeroTests.swift */ = {isa = PBXFileReference; lastKnownFileType = sourcecode.swift; path = PhaseZeroTests.swift; sourceTree = "<group>"; };
		29EB1C15C9B520845CD3BB82 /* ChatPresentationTests.swift */ = {isa = PBXFileReference; lastKnownFileType = sourcecode.swift; path = ChatPresentationTests.swift; sourceTree = "<group>"; };
		2C204ABF7BF115B3485C914E /* Assets.xcassets */ = {isa = PBXFileReference; lastKnownFileType = folder.assetcatalog; path = Assets.xcassets; sourceTree = "<group>"; };
		313990724FDCDDA5DE155DCF /* Info.plist */ = {isa = PBXFileReference; lastKnownFileType = text.plist; path = Info.plist; sourceTree = "<group>"; };
		360CC2CFC02B68B045C92968 /* NotificationService.swift */ = {isa = PBXFileReference; lastKnownFileType = sourcecode.swift; path = NotificationService.swift; sourceTree = "<group>"; };
		3831E0DF8E82C62D0BB8F805 /* RichChatComposer.swift */ = {isa = PBXFileReference; lastKnownFileType = sourcecode.swift; path = RichChatComposer.swift; sourceTree = "<group>"; };
		3B40C228DD8D4FB4A5D62BB5 /* Lucide-LICENSE.txt */ = {isa = PBXFileReference; lastKnownFileType = text; path = "Lucide-LICENSE.txt"; sourceTree = "<group>"; };
		3DED45634E156A5B8CE75374 /* RuimteNotificationService.appex */ = {isa = PBXFileReference; includeInIndex = 0; lastKnownFileType = "wrapper.app-extension"; path = RuimteNotificationService.appex; sourceTree = BUILT_PRODUCTS_DIR; };
		429F4D64FA8A6FD134400A6C /* RuimteUITests.xctest */ = {isa = PBXFileReference; includeInIndex = 0; lastKnownFileType = wrapper.cfbundle; path = RuimteUITests.xctest; sourceTree = BUILT_PRODUCTS_DIR; };
		4494CB22D3C1F93514921B21 /* MobileWorkspace.swift */ = {isa = PBXFileReference; lastKnownFileType = sourcecode.swift; path = MobileWorkspace.swift; sourceTree = "<group>"; };
		453AE6630A2DEA42EDBA0A7D /* RuimteActivityWidget.appex */ = {isa = PBXFileReference; includeInIndex = 0; lastKnownFileType = "wrapper.app-extension"; path = RuimteActivityWidget.appex; sourceTree = BUILT_PRODUCTS_DIR; };
		4717D1FF657FE5861D33BE92 /* RemotePage.swift */ = {isa = PBXFileReference; lastKnownFileType = sourcecode.swift; path = RemotePage.swift; sourceTree = "<group>"; };
		471831BDC3DDCA0967459945 /* ChatUserMessage.swift */ = {isa = PBXFileReference; lastKnownFileType = sourcecode.swift; path = ChatUserMessage.swift; sourceTree = "<group>"; };
		492DA55F2EB18352FC26B750 /* DrawingEditorModel.swift */ = {isa = PBXFileReference; lastKnownFileType = sourcecode.swift; path = DrawingEditorModel.swift; sourceTree = "<group>"; };
		49B30EC9B23C65C35FC2E1B0 /* ConnectionScreen.swift */ = {isa = PBXFileReference; lastKnownFileType = sourcecode.swift; path = ConnectionScreen.swift; sourceTree = "<group>"; };
		49F9EC9D98983F163B9AE62C /* MachineFilesPage.swift */ = {isa = PBXFileReference; lastKnownFileType = sourcecode.swift; path = MachineFilesPage.swift; sourceTree = "<group>"; };
		4CDF5772B5F82C25BC5C9B54 /* ChatScrollTests.swift */ = {isa = PBXFileReference; lastKnownFileType = sourcecode.swift; path = ChatScrollTests.swift; sourceTree = "<group>"; };
		4DE8F49A62B6E21105CD8F6A /* GitPage.swift */ = {isa = PBXFileReference; lastKnownFileType = sourcecode.swift; path = GitPage.swift; sourceTree = "<group>"; };
		4F29B9E631BA0053CAC8D2A6 /* IceCandidateTests.swift */ = {isa = PBXFileReference; lastKnownFileType = sourcecode.swift; path = IceCandidateTests.swift; sourceTree = "<group>"; };
		50F5AB9F07A9DA47A43714BB /* ChatDraftSyntax.swift */ = {isa = PBXFileReference; lastKnownFileType = sourcecode.swift; path = ChatDraftSyntax.swift; sourceTree = "<group>"; };
		5196DB934834DA206C75471E /* MobileSheet.swift */ = {isa = PBXFileReference; lastKnownFileType = sourcecode.swift; path = MobileSheet.swift; sourceTree = "<group>"; };
		5566FA42E11FDC5B932C0F2E /* ChatTimeline.swift */ = {isa = PBXFileReference; lastKnownFileType = sourcecode.swift; path = ChatTimeline.swift; sourceTree = "<group>"; };
		5748DC9D2A5D211B6913A122 /* RuimteTransport */ = {isa = PBXFileReference; lastKnownFileType = folder; name = RuimteTransport; path = Packages/RuimteTransport; sourceTree = SOURCE_ROOT; };
		58EC9A184CB76F10292FAF1E /* SessionVisualTests.swift */ = {isa = PBXFileReference; lastKnownFileType = sourcecode.swift; path = SessionVisualTests.swift; sourceTree = "<group>"; };
		5A672F255CAFCD537E1F2A74 /* UnifiedProjects.swift */ = {isa = PBXFileReference; lastKnownFileType = sourcecode.swift; path = UnifiedProjects.swift; sourceTree = "<group>"; };
		6121F187F1A5B808F82EE616 /* NotificationService.entitlements */ = {isa = PBXFileReference; lastKnownFileType = text.plist.entitlements; path = NotificationService.entitlements; sourceTree = "<group>"; };
		62D07C5E01735816B53D3E59 /* ProjectArtwork.swift */ = {isa = PBXFileReference; lastKnownFileType = sourcecode.swift; path = ProjectArtwork.swift; sourceTree = "<group>"; };
		653536E5B98BEFB676B13733 /* SharedMachineSession.swift */ = {isa = PBXFileReference; lastKnownFileType = sourcecode.swift; path = SharedMachineSession.swift; sourceTree = "<group>"; };
		6E5C2124CCC572A4A3D407AB /* NotificationCoordinator.swift */ = {isa = PBXFileReference; lastKnownFileType = sourcecode.swift; path = NotificationCoordinator.swift; sourceTree = "<group>"; };
		7152C947C98B90BAB9EC4D82 /* PrivacyInfo.xcprivacy */ = {isa = PBXFileReference; path = PrivacyInfo.xcprivacy; sourceTree = "<group>"; };
		732B16DF3002A0A3499B1ADF /* DrawingCanvas.swift */ = {isa = PBXFileReference; lastKnownFileType = sourcecode.swift; path = DrawingCanvas.swift; sourceTree = "<group>"; };
		734608DCCFF78D2EC3AA1A53 /* ChatStreaming.swift */ = {isa = PBXFileReference; lastKnownFileType = sourcecode.swift; path = ChatStreaming.swift; sourceTree = "<group>"; };
		75DA6517FBC9FBF6C79776E2 /* document-scenes.json */ = {isa = PBXFileReference; lastKnownFileType = text.json; path = "document-scenes.json"; sourceTree = "<group>"; };
		78AF6CD8C27D406B882C8FA0 /* CanvasPage.swift */ = {isa = PBXFileReference; lastKnownFileType = sourcecode.swift; path = CanvasPage.swift; sourceTree = "<group>"; };
		78E4415FA265BC3864D12E58 /* MobileSidebarList.swift */ = {isa = PBXFileReference; lastKnownFileType = sourcecode.swift; path = MobileSidebarList.swift; sourceTree = "<group>"; };
		7B02D669F665402B085C9E9C /* MachineIconTests.swift */ = {isa = PBXFileReference; lastKnownFileType = sourcecode.swift; path = MachineIconTests.swift; sourceTree = "<group>"; };
		7B3EDC89A5AF9677DD9A62E7 /* ChatFileChanges.swift */ = {isa = PBXFileReference; lastKnownFileType = sourcecode.swift; path = ChatFileChanges.swift; sourceTree = "<group>"; };
		7B61834D13B0B0A358C25F44 /* Build.xcconfig */ = {isa = PBXFileReference; lastKnownFileType = text.xcconfig; path = Build.xcconfig; sourceTree = "<group>"; };
		7C81823373467CED5DF67CB7 /* PairMachinePage.swift */ = {isa = PBXFileReference; lastKnownFileType = sourcecode.swift; path = PairMachinePage.swift; sourceTree = "<group>"; };
		7D4311D2D50AD0CC27A0D10A /* RuimteTests.xctest */ = {isa = PBXFileReference; includeInIndex = 0; lastKnownFileType = wrapper.cfbundle; path = RuimteTests.xctest; sourceTree = BUILT_PRODUCTS_DIR; };
		7FABC4BE334FDFA06C4FC1B6 /* Info.plist */ = {isa = PBXFileReference; lastKnownFileType = text.plist; path = Info.plist; sourceTree = "<group>"; };
		8449B851575DF02B5169572E /* MobileScrollViewport.swift */ = {isa = PBXFileReference; lastKnownFileType = sourcecode.swift; path = MobileScrollViewport.swift; sourceTree = "<group>"; };
		8692B2C68758104DF29256D0 /* NotificationsSettingsPage.swift */ = {isa = PBXFileReference; lastKnownFileType = sourcecode.swift; path = NotificationsSettingsPage.swift; sourceTree = "<group>"; };
		8ABABCDEEE659AD8B4D227A8 /* ProjectArtworkTests.swift */ = {isa = PBXFileReference; lastKnownFileType = sourcecode.swift; path = ProjectArtworkTests.swift; sourceTree = "<group>"; };
		91AE65432A65D98C4A7FE2CA /* AttentionStore.swift */ = {isa = PBXFileReference; lastKnownFileType = sourcecode.swift; path = AttentionStore.swift; sourceTree = "<group>"; };
		92115E2E20A2788AC95AD41F /* LucideIcon.swift */ = {isa = PBXFileReference; lastKnownFileType = sourcecode.swift; path = LucideIcon.swift; sourceTree = "<group>"; };
		9447D15E48181E5F166E22A6 /* WorkspacePage.swift */ = {isa = PBXFileReference; lastKnownFileType = sourcecode.swift; path = WorkspacePage.swift; sourceTree = "<group>"; };
		97203F1CB27A45176505F61D /* AttentionStoreTests.swift */ = {isa = PBXFileReference; lastKnownFileType = sourcecode.swift; path = AttentionStoreTests.swift; sourceTree = "<group>"; };
		9AB9B459492C2AF8E3631D88 /* ProjectSVGRasterizer.swift */ = {isa = PBXFileReference; lastKnownFileType = sourcecode.swift; path = ProjectSVGRasterizer.swift; sourceTree = "<group>"; };
		9B79DEDEC6E3DBF60AE5EA23 /* RuimteActivityWidget.swift */ = {isa = PBXFileReference; lastKnownFileType = sourcecode.swift; path = RuimteActivityWidget.swift; sourceTree = "<group>"; };
		9BE4363568E169F410A081A3 /* MarkdownMessage.swift */ = {isa = PBXFileReference; lastKnownFileType = sourcecode.swift; path = MarkdownMessage.swift; sourceTree = "<group>"; };
		9F2414AA03D39CF3F8A6A5CC /* ChatContentTests.swift */ = {isa = PBXFileReference; lastKnownFileType = sourcecode.swift; path = ChatContentTests.swift; sourceTree = "<group>"; };
		A21EE5A4525ED716D15BF003 /* NavigationRowTests.swift */ = {isa = PBXFileReference; lastKnownFileType = sourcecode.swift; path = NavigationRowTests.swift; sourceTree = "<group>"; };
		A531355B6DBA1AEA2747E700 /* TerminalModel.swift */ = {isa = PBXFileReference; lastKnownFileType = sourcecode.swift; path = TerminalModel.swift; sourceTree = "<group>"; };
		A84B645FE2D16EFA24FD14F6 /* AppIcon.icon */ = {isa = PBXFileReference; lastKnownFileType = wrapper.icon; path = AppIcon.icon; sourceTree = "<group>"; };
		A8954363C79663F275CDF04A /* MobileStyle.swift */ = {isa = PBXFileReference; lastKnownFileType = sourcecode.swift; path = MobileStyle.swift; sourceTree = "<group>"; };
		A8C83388F2EE72EDED082639 /* document-renderer.js */ = {isa = PBXFileReference; lastKnownFileType = sourcecode.javascript; path = "document-renderer.js"; sourceTree = "<group>"; };
		AA81AFC7F3E726AB38C0EE96 /* TerminalCompatibilityTests.swift */ = {isa = PBXFileReference; lastKnownFileType = sourcecode.swift; path = TerminalCompatibilityTests.swift; sourceTree = "<group>"; };
		ABE8B97161FC6E9CE587F95C /* MachineRemovalTests.swift */ = {isa = PBXFileReference; lastKnownFileType = sourcecode.swift; path = MachineRemovalTests.swift; sourceTree = "<group>"; };
		AEE3E762A08E656C5BF5C92C /* WorkspaceViewSectionsTests.swift */ = {isa = PBXFileReference; lastKnownFileType = sourcecode.swift; path = WorkspaceViewSectionsTests.swift; sourceTree = "<group>"; };
		C62961727B814F8C43E406CD /* DrawingAuthoring.swift */ = {isa = PBXFileReference; lastKnownFileType = sourcecode.swift; path = DrawingAuthoring.swift; sourceTree = "<group>"; };
		C65C2B371130F2E65C92BBD2 /* Ruimte.entitlements */ = {isa = PBXFileReference; lastKnownFileType = text.plist.entitlements; path = Ruimte.entitlements; sourceTree = "<group>"; };
		CA401CA82CE41046F457D507 /* MachineProjectsPage.swift */ = {isa = PBXFileReference; lastKnownFileType = sourcecode.swift; path = MachineProjectsPage.swift; sourceTree = "<group>"; };
		CF0183BD88185DD4301FC7B9 /* RuntimeStartupTests.swift */ = {isa = PBXFileReference; lastKnownFileType = sourcecode.swift; path = RuntimeStartupTests.swift; sourceTree = "<group>"; };
		D26BE9B9E4DD5A3540DE45FB /* WorkspaceVisualTests.swift */ = {isa = PBXFileReference; lastKnownFileType = sourcecode.swift; path = WorkspaceVisualTests.swift; sourceTree = "<group>"; };
		D5D4B5EDC969E1EDFF6BF202 /* document-renderer-licenses.txt */ = {isa = PBXFileReference; lastKnownFileType = text; path = "document-renderer-licenses.txt"; sourceTree = "<group>"; };
		D74F291DD8E4AE6C0AC54175 /* UsageMoneyTests.swift */ = {isa = PBXFileReference; lastKnownFileType = sourcecode.swift; path = UsageMoneyTests.swift; sourceTree = "<group>"; };
		D779BA807ED5F459698AC2C0 /* BrowserPage.swift */ = {isa = PBXFileReference; lastKnownFileType = sourcecode.swift; path = BrowserPage.swift; sourceTree = "<group>"; };
		D938536D0453E8C833E785E7 /* ChatPreferences.swift */ = {isa = PBXFileReference; lastKnownFileType = sourcecode.swift; path = ChatPreferences.swift; sourceTree = "<group>"; };
		DD1AADEED69848ED7D305964 /* TerminalSnapshot.swift */ = {isa = PBXFileReference; lastKnownFileType = sourcecode.swift; path = TerminalSnapshot.swift; sourceTree = "<group>"; };
		E238C46B1CEFBCE9B7DB5E24 /* SessionScreenTests.swift */ = {isa = PBXFileReference; lastKnownFileType = sourcecode.swift; path = SessionScreenTests.swift; sourceTree = "<group>"; };
		E4DF3856CE6E52165FC2B919 /* DrawingEditorPage.swift */ = {isa = PBXFileReference; lastKnownFileType = sourcecode.swift; path = DrawingEditorPage.swift; sourceTree = "<group>"; };
		E6D19F75A43457090EB0DC6E /* DrawingExport.swift */ = {isa = PBXFileReference; lastKnownFileType = sourcecode.swift; path = DrawingExport.swift; sourceTree = "<group>"; };
		E8658D05270F5D27871DF224 /* NotificationSessionPage.swift */ = {isa = PBXFileReference; lastKnownFileType = sourcecode.swift; path = NotificationSessionPage.swift; sourceTree = "<group>"; };
		EB380C5765BB27F525DE31C0 /* Info.plist */ = {isa = PBXFileReference; lastKnownFileType = text.plist; path = Info.plist; sourceTree = "<group>"; };
		EE323EA02FEEF12048A2D3A8 /* AppRuntime.swift */ = {isa = PBXFileReference; lastKnownFileType = sourcecode.swift; path = AppRuntime.swift; sourceTree = "<group>"; };
		EE5B1DCD63DC630D3ABFE455 /* CanvasRenderTests.swift */ = {isa = PBXFileReference; lastKnownFileType = sourcecode.swift; path = CanvasRenderTests.swift; sourceTree = "<group>"; };
		F056296AB12E6228D09966E2 /* UnifiedProjectsTests.swift */ = {isa = PBXFileReference; lastKnownFileType = sourcecode.swift; path = UnifiedProjectsTests.swift; sourceTree = "<group>"; };
		F87147CB968B3A1A350EF934 /* WorkspaceNavigation.swift */ = {isa = PBXFileReference; lastKnownFileType = sourcecode.swift; path = WorkspaceNavigation.swift; sourceTree = "<group>"; };
		FC93B189294B4D798A653EDC /* ChatAttachmentButton.swift */ = {isa = PBXFileReference; lastKnownFileType = sourcecode.swift; path = ChatAttachmentButton.swift; sourceTree = "<group>"; };
		FF9029F76C5575EFD4782635 /* ChatPreferencesTests.swift */ = {isa = PBXFileReference; lastKnownFileType = sourcecode.swift; path = ChatPreferencesTests.swift; sourceTree = "<group>"; };
/* End PBXFileReference section */

/* Begin PBXFrameworksBuildPhase section */
		9BBAC391E0F21B7AF1B91424 /* Frameworks */ = {
			isa = PBXFrameworksBuildPhase;
			buildActionMask = 2147483647;
			files = (
				52B0FA0AC6066442114E416D /* RuimtePulsar in Frameworks */,
			);
			runOnlyForDeploymentPostprocessing = 0;
		};
		C4961707BCDF47C566B3C564 /* Frameworks */ = {
			isa = PBXFrameworksBuildPhase;
			buildActionMask = 2147483647;
			files = (
				537CCF8C7593D02A36693C89 /* LucideSwift in Frameworks */,
				637DA61429D380AEEAE04902 /* RuimtePulsar in Frameworks */,
			);
			runOnlyForDeploymentPostprocessing = 0;
		};
		C5DB0FE44A0A1B2DBC94B326 /* Frameworks */ = {
			isa = PBXFrameworksBuildPhase;
			buildActionMask = 2147483647;
			files = (
				A4018BFBF14D0FA6CDCECEA2 /* LucideSwift in Frameworks */,
				7790DAA9D3367EA110B768DD /* RuimtePulsar in Frameworks */,
				B949A220D4C8ECC4FF9AA838 /* RuimteTransport in Frameworks */,
				2039449EB696024C64A7D640 /* SwiftTerm in Frameworks */,
				D43A11554C08D7C39C95FAE9 /* Highlightr in Frameworks */,
			);
			runOnlyForDeploymentPostprocessing = 0;
		};
		F0E2BFCC7CAC96731C3E00E3 /* Frameworks */ = {
			isa = PBXFrameworksBuildPhase;
			buildActionMask = 2147483647;
			files = (
				0B547D0A6B2838F62FB295E9 /* LucideSwift in Frameworks */,
				6DB0A1C6FE1BF1BEB67EFF37 /* RuimtePulsar in Frameworks */,
				C7B1C89782EBA8CF74012E0C /* RuimteTransport in Frameworks */,
			);
			runOnlyForDeploymentPostprocessing = 0;
		};
/* End PBXFrameworksBuildPhase section */

/* Begin PBXGroup section */
		006EF90655B558EA07057CCA /* Resources */ = {
			isa = PBXGroup;
			children = (
				D5D4B5EDC969E1EDFF6BF202 /* document-renderer-licenses.txt */,
				A8C83388F2EE72EDED082639 /* document-renderer.js */,
			);
			path = Resources;
			sourceTree = "<group>";
		};
		06FC0334C1991C94C881E007 /* Workspace */ = {
			isa = PBXGroup;
			children = (
				22EEF67D1BFFD71DFA7FA021 /* AppHome.swift */,
				91AE65432A65D98C4A7FE2CA /* AttentionStore.swift */,
				D779BA807ED5F459698AC2C0 /* BrowserPage.swift */,
				78AF6CD8C27D406B882C8FA0 /* CanvasPage.swift */,
				1872DE55827E2897B8AFB130 /* DocumentSceneLoader.swift */,
				C62961727B814F8C43E406CD /* DrawingAuthoring.swift */,
				732B16DF3002A0A3499B1ADF /* DrawingCanvas.swift */,
				492DA55F2EB18352FC26B750 /* DrawingEditorModel.swift */,
				E4DF3856CE6E52165FC2B919 /* DrawingEditorPage.swift */,
				E6D19F75A43457090EB0DC6E /* DrawingExport.swift */,
				0E13420E1D28A681FA26B33B /* MachineIconState.swift */,
				CA401CA82CE41046F457D507 /* MachineProjectsPage.swift */,
				09EE2B3374AED0CCAB042E24 /* MobileJSON.swift */,
				4494CB22D3C1F93514921B21 /* MobileWorkspace.swift */,
				7C81823373467CED5DF67CB7 /* PairMachinePage.swift */,
				62D07C5E01735816B53D3E59 /* ProjectArtwork.swift */,
				9AB9B459492C2AF8E3631D88 /* ProjectSVGRasterizer.swift */,
				089B611A941366002AA1307E /* RenderDocumentPage.swift */,
				653536E5B98BEFB676B13733 /* SharedMachineSession.swift */,
				5A672F255CAFCD537E1F2A74 /* UnifiedProjects.swift */,
				0B68348C7C35F8C9CAC737CA /* ViewIconPicker.swift */,
				1FAE5DD971FEE4F7A8B224B1 /* WelcomePage.swift */,
				F87147CB968B3A1A350EF934 /* WorkspaceNavigation.swift */,
				9447D15E48181E5F166E22A6 /* WorkspacePage.swift */,
				19E795084D99E041A22F82D5 /* WorkspaceViewSections.swift */,
			);
			path = Workspace;
			sourceTree = "<group>";
		};
		15FDFABDC1FBE3D6072F16D8 /* Notifications */ = {
			isa = PBXGroup;
			children = (
				6E5C2124CCC572A4A3D407AB /* NotificationCoordinator.swift */,
				E8658D05270F5D27871DF224 /* NotificationSessionPage.swift */,
				8692B2C68758104DF29256D0 /* NotificationsSettingsPage.swift */,
			);
			path = Notifications;
			sourceTree = "<group>";
		};
		216D77BAC36FAAC08D0296C5 /* Design */ = {
			isa = PBXGroup;
			children = (
				3B40C228DD8D4FB4A5D62BB5 /* Lucide-LICENSE.txt */,
				92115E2E20A2788AC95AD41F /* LucideIcon.swift */,
				8449B851575DF02B5169572E /* MobileScrollViewport.swift */,
				5196DB934834DA206C75471E /* MobileSheet.swift */,
				78E4415FA265BC3864D12E58 /* MobileSidebarList.swift */,
				A8954363C79663F275CDF04A /* MobileStyle.swift */,
			);
			path = Design;
			sourceTree = "<group>";
		};
		2ADCAE68B145C9F52DCE079C /* ActivityWidget */ = {
			isa = PBXGroup;
			children = (
				7FABC4BE334FDFA06C4FC1B6 /* Info.plist */,
				9B79DEDEC6E3DBF60AE5EA23 /* RuimteActivityWidget.swift */,
			);
			path = ActivityWidget;
			sourceTree = "<group>";
		};
		3C3B62CB8A399F181539F779 /* Configuration */ = {
			isa = PBXGroup;
			children = (
				7B61834D13B0B0A358C25F44 /* Build.xcconfig */,
			);
			path = Configuration;
			sourceTree = "<group>";
		};
		3DD005D49356DB2CE59D9766 /* Pages */ = {
			isa = PBXGroup;
			children = (
				4DE8F49A62B6E21105CD8F6A /* GitPage.swift */,
				17E81862798892622B5D43D1 /* MachineDetailsPage.swift */,
				49F9EC9D98983F163B9AE62C /* MachineFilesPage.swift */,
				055B44926C3693450CF4C1FC /* MachineUsagePage.swift */,
				4717D1FF657FE5861D33BE92 /* RemotePage.swift */,
				13B248061C8BA76C3B7DC1F8 /* UsageMoneyFormatter.swift */,
			);
			path = Pages;
			sourceTree = "<group>";
		};
		708C224944B4027467FF1534 /* App */ = {
			isa = PBXGroup;
			children = (
				EE323EA02FEEF12048A2D3A8 /* AppRuntime.swift */,
				2C204ABF7BF115B3485C914E /* Assets.xcassets */,
				25A4F1FA154BE05D96BDFC6E /* ConnectionProbe.swift */,
				49B30EC9B23C65C35FC2E1B0 /* ConnectionScreen.swift */,
				EB380C5765BB27F525DE31C0 /* Info.plist */,
				7152C947C98B90BAB9EC4D82 /* PrivacyInfo.xcprivacy */,
				C65C2B371130F2E65C92BBD2 /* Ruimte.entitlements */,
				09CCDDD483546BE641151534 /* RuimteApp.swift */,
				216D77BAC36FAAC08D0296C5 /* Design */,
				15FDFABDC1FBE3D6072F16D8 /* Notifications */,
				3DD005D49356DB2CE59D9766 /* Pages */,
				006EF90655B558EA07057CCA /* Resources */,
				F89F7730201891FA1B8685A6 /* Sessions */,
				06FC0334C1991C94C881E007 /* Workspace */,
			);
			path = App;
			sourceTree = "<group>";
		};
		73F389015C48C67AED5707FE /* Products */ = {
			isa = PBXGroup;
			children = (
				1BE68222CFDCD5F3CD576D51 /* Ruimte.app */,
				453AE6630A2DEA42EDBA0A7D /* RuimteActivityWidget.appex */,
				3DED45634E156A5B8CE75374 /* RuimteNotificationService.appex */,
				7D4311D2D50AD0CC27A0D10A /* RuimteTests.xctest */,
				429F4D64FA8A6FD134400A6C /* RuimteUITests.xctest */,
			);
			name = Products;
			sourceTree = "<group>";
		};
		887ECFD62AA1C540E6278F60 /* Fixtures */ = {
			isa = PBXGroup;
			children = (
				75DA6517FBC9FBF6C79776E2 /* document-scenes.json */,
			);
			path = Fixtures;
			sourceTree = "<group>";
		};
		8A7C995AE1145EC5F2E4A2DE /* UITests */ = {
			isa = PBXGroup;
			children = (
				A21EE5A4525ED716D15BF003 /* NavigationRowTests.swift */,
			);
			path = UITests;
			sourceTree = "<group>";
		};
		931D8A8CF648CE72B8A24E6B /* Tests */ = {
			isa = PBXGroup;
			children = (
				97203F1CB27A45176505F61D /* AttentionStoreTests.swift */,
				EE5B1DCD63DC630D3ABFE455 /* CanvasRenderTests.swift */,
				9F2414AA03D39CF3F8A6A5CC /* ChatContentTests.swift */,
				FF9029F76C5575EFD4782635 /* ChatPreferencesTests.swift */,
				29EB1C15C9B520845CD3BB82 /* ChatPresentationTests.swift */,
				4CDF5772B5F82C25BC5C9B54 /* ChatScrollTests.swift */,
				0416D221A1F144614E3E9A43 /* DocumentSceneTests.swift */,
				073C4EC8E14E8D8910DEF111 /* DrawingEditorTests.swift */,
				4F29B9E631BA0053CAC8D2A6 /* IceCandidateTests.swift */,
				7B02D669F665402B085C9E9C /* MachineIconTests.swift */,
				ABE8B97161FC6E9CE587F95C /* MachineRemovalTests.swift */,
				28AB5F59239AB27AD0434DE3 /* PhaseZeroTests.swift */,
				8ABABCDEEE659AD8B4D227A8 /* ProjectArtworkTests.swift */,
				CF0183BD88185DD4301FC7B9 /* RuntimeStartupTests.swift */,
				E238C46B1CEFBCE9B7DB5E24 /* SessionScreenTests.swift */,
				58EC9A184CB76F10292FAF1E /* SessionVisualTests.swift */,
				1813EA5208B26BEDB337A946 /* SessionWorkspaceTests.swift */,
				AA81AFC7F3E726AB38C0EE96 /* TerminalCompatibilityTests.swift */,
				F056296AB12E6228D09966E2 /* UnifiedProjectsTests.swift */,
				D74F291DD8E4AE6C0AC54175 /* UsageMoneyTests.swift */,
				AEE3E762A08E656C5BF5C92C /* WorkspaceViewSectionsTests.swift */,
				D26BE9B9E4DD5A3540DE45FB /* WorkspaceVisualTests.swift */,
				887ECFD62AA1C540E6278F60 /* Fixtures */,
			);
			path = Tests;
			sourceTree = "<group>";
		};
		96C0AD17E8E9AE2F439B90D6 /* assets */ = {
			isa = PBXGroup;
			children = (
				A84B645FE2D16EFA24FD14F6 /* AppIcon.icon */,
			);
			path = assets;
			sourceTree = "<group>";
		};
		9833D6B20A0C2B52215FEE4A /* NotificationService */ = {
			isa = PBXGroup;
			children = (
				313990724FDCDDA5DE155DCF /* Info.plist */,
				6121F187F1A5B808F82EE616 /* NotificationService.entitlements */,
				360CC2CFC02B68B045C92968 /* NotificationService.swift */,
			);
			path = NotificationService;
			sourceTree = "<group>";
		};
		C1745C6D84A901A991566B0C /* Extensions */ = {
			isa = PBXGroup;
			children = (
				2ADCAE68B145C9F52DCE079C /* ActivityWidget */,
				9833D6B20A0C2B52215FEE4A /* NotificationService */,
			);
			path = Extensions;
			sourceTree = "<group>";
		};
		D927DFB4C45849E607D0FC81 = {
			isa = PBXGroup;
			children = (
				708C224944B4027467FF1534 /* App */,
				3C3B62CB8A399F181539F779 /* Configuration */,
				C1745C6D84A901A991566B0C /* Extensions */,
				E7D2E16C602F28AE55AEFEF8 /* Packages */,
				DED6F5F29F409BC49D8E06BF /* ruimte */,
				931D8A8CF648CE72B8A24E6B /* Tests */,
				8A7C995AE1145EC5F2E4A2DE /* UITests */,
				73F389015C48C67AED5707FE /* Products */,
			);
			sourceTree = "<group>";
		};
		DED6F5F29F409BC49D8E06BF /* ruimte */ = {
			isa = PBXGroup;
			children = (
				96C0AD17E8E9AE2F439B90D6 /* assets */,
			);
			name = ruimte;
			path = ../..;
			sourceTree = "<group>";
		};
		E7D2E16C602F28AE55AEFEF8 /* Packages */ = {
			isa = PBXGroup;
			children = (
				277C90606C3586426EE8CE7F /* RuimtePulsar */,
				5748DC9D2A5D211B6913A122 /* RuimteTransport */,
			);
			path = Packages;
			sourceTree = "<group>";
		};
		F89F7730201891FA1B8685A6 /* Sessions */ = {
			isa = PBXGroup;
			children = (
				0F3F8DD20F1E6829F55FE104 /* ChatActivityViews.swift */,
				FC93B189294B4D798A653EDC /* ChatAttachmentButton.swift */,
				207A88BAF2E56E0957CB1944 /* ChatContent.swift */,
				50F5AB9F07A9DA47A43714BB /* ChatDraftSyntax.swift */,
				7B3EDC89A5AF9677DD9A62E7 /* ChatFileChanges.swift */,
				070AB913E963308BAD40498B /* ChatModel.swift */,
				D938536D0453E8C833E785E7 /* ChatPreferences.swift */,
				20F594D31BFE518F6FD7ABB0 /* ChatPresentation.swift */,
				111FDB97EC13D539638EFBEC /* ChatScreen.swift */,
				734608DCCFF78D2EC3AA1A53 /* ChatStreaming.swift */,
				2397286316071E20E0ED2DC4 /* ChatSubagentRow.swift */,
				5566FA42E11FDC5B932C0F2E /* ChatTimeline.swift */,
				471831BDC3DDCA0967459945 /* ChatUserMessage.swift */,
				0429B47664965B5818CEAE8E /* MarkdownBlocks.swift */,
				9BE4363568E169F410A081A3 /* MarkdownMessage.swift */,
				3831E0DF8E82C62D0BB8F805 /* RichChatComposer.swift */,
				A531355B6DBA1AEA2747E700 /* TerminalModel.swift */,
				17236BE0F16BF4DE8C134009 /* TerminalScreen.swift */,
				DD1AADEED69848ED7D305964 /* TerminalSnapshot.swift */,
			);
			path = Sessions;
			sourceTree = "<group>";
		};
/* End PBXGroup section */

/* Begin PBXNativeTarget section */
		20562AFB64029FA09F8FEB87 /* RuimteActivityWidget */ = {
			isa = PBXNativeTarget;
			buildConfigurationList = 16C9238F09D0646715680382 /* Build configuration list for PBXNativeTarget "RuimteActivityWidget" */;
			buildPhases = (
				10612AA9FFBC184EF33069B5 /* Sources */,
				D33867D5A71A8D3D595395C4 /* Resources */,
				C4961707BCDF47C566B3C564 /* Frameworks */,
			);
			buildRules = (
			);
			dependencies = (
			);
			name = RuimteActivityWidget;
			packageProductDependencies = (
				2E14885FED297F540167B50D /* LucideSwift */,
				7BBC3D3E95A8FFA51AEDDEE1 /* RuimtePulsar */,
			);
			productName = RuimteActivityWidget;
			productReference = 453AE6630A2DEA42EDBA0A7D /* RuimteActivityWidget.appex */;
			productType = "com.apple.product-type.app-extension";
		};
		390F8A4420E764647BD7C81E /* RuimteTests */ = {
			isa = PBXNativeTarget;
			buildConfigurationList = C93D14CECDFC12F8547EA98A /* Build configuration list for PBXNativeTarget "RuimteTests" */;
			buildPhases = (
				4E31CD0744EBD4A9FCD6B78F /* Sources */,
				7945538D9800CA1E3AF3426C /* Resources */,
				F0E2BFCC7CAC96731C3E00E3 /* Frameworks */,
			);
			buildRules = (
			);
			dependencies = (
				86FEE882B7C12E168DBF5A64 /* PBXTargetDependency */,
			);
			name = RuimteTests;
			packageProductDependencies = (
				06F665001E0BC007A06510C8 /* LucideSwift */,
				D356DC5C4DF0605AD7A64646 /* RuimtePulsar */,
				11D5B18726EAC79012111C1C /* RuimteTransport */,
			);
			productName = RuimteTests;
			productReference = 7D4311D2D50AD0CC27A0D10A /* RuimteTests.xctest */;
			productType = "com.apple.product-type.bundle.unit-test";
		};
		7BD22B99EFE8225CBEC272FF /* Ruimte */ = {
			isa = PBXNativeTarget;
			buildConfigurationList = F21C154C11282F7550E79E87 /* Build configuration list for PBXNativeTarget "Ruimte" */;
			buildPhases = (
				ADE820AD3652E4E3E50F3730 /* Sources */,
				386668DA34C5229FC97DA5CC /* Resources */,
				C5DB0FE44A0A1B2DBC94B326 /* Frameworks */,
				0C60767BE4C316094BAA5C98 /* Embed Foundation Extensions */,
			);
			buildRules = (
			);
			dependencies = (
				2EE63068175FDB1CBD735CAB /* PBXTargetDependency */,
				7EA94F29AF0303FCBD8171CE /* PBXTargetDependency */,
			);
			name = Ruimte;
			packageProductDependencies = (
				10DFA2EA63182CCBE1B7810F /* LucideSwift */,
				9C53340AF650FD1171130411 /* RuimtePulsar */,
				6FFA42FE75679D801B5D68D6 /* RuimteTransport */,
				7DD6852AA11DD8F3D8DDDBDF /* SwiftTerm */,
				37621C952E69C77E98AD85B1 /* Highlightr */,
			);
			productName = Ruimte;
			productReference = 1BE68222CFDCD5F3CD576D51 /* Ruimte.app */;
			productType = "com.apple.product-type.application";
		};
		CC1E9C6B630AB02BD409FA1C /* RuimteNotificationService */ = {
			isa = PBXNativeTarget;
			buildConfigurationList = BAE288A6E0EEC2F404E24BA2 /* Build configuration list for PBXNativeTarget "RuimteNotificationService" */;
			buildPhases = (
				85F66D187785D853ADF116AD /* Sources */,
				47FB4F1B71B8E863E05FF1D6 /* Resources */,
				9BBAC391E0F21B7AF1B91424 /* Frameworks */,
			);
			buildRules = (
			);
			dependencies = (
			);
			name = RuimteNotificationService;
			packageProductDependencies = (
				3E8822A475571AAC0CFCF10F /* RuimtePulsar */,
			);
			productName = RuimteNotificationService;
			productReference = 3DED45634E156A5B8CE75374 /* RuimteNotificationService.appex */;
			productType = "com.apple.product-type.app-extension";
		};
		EAA03EF8BFA73179705758BD /* RuimteUITests */ = {
			isa = PBXNativeTarget;
			buildConfigurationList = B9E348BBF0F392905155212A /* Build configuration list for PBXNativeTarget "RuimteUITests" */;
			buildPhases = (
				876A5165EFE26DD5F147BC07 /* Sources */,
			);
			buildRules = (
			);
			dependencies = (
				F0EC35721461D3408AD4BE56 /* PBXTargetDependency */,
			);
			name = RuimteUITests;
			packageProductDependencies = (
			);
			productName = RuimteUITests;
			productReference = 429F4D64FA8A6FD134400A6C /* RuimteUITests.xctest */;
			productType = "com.apple.product-type.bundle.ui-testing";
		};
/* End PBXNativeTarget section */

/* Begin PBXProject section */
		27157708FDFF436D10EB2555 /* Project object */ = {
			isa = PBXProject;
			attributes = {
				BuildIndependentTargetsInParallel = YES;
				LastUpgradeCheck = 1430;
				TargetAttributes = {
					20562AFB64029FA09F8FEB87 = {
						ProvisioningStyle = Automatic;
					};
					390F8A4420E764647BD7C81E = {
						ProvisioningStyle = Automatic;
					};
					7BD22B99EFE8225CBEC272FF = {
						ProvisioningStyle = Automatic;
					};
					CC1E9C6B630AB02BD409FA1C = {
						ProvisioningStyle = Automatic;
					};
					EAA03EF8BFA73179705758BD = {
						ProvisioningStyle = Automatic;
						TestTargetID = 7BD22B99EFE8225CBEC272FF;
					};
				};
			};
			buildConfigurationList = 86FEE135152280027B602746 /* Build configuration list for PBXProject "Ruimte" */;
			developmentRegion = en;
			hasScannedForEncodings = 0;
			knownRegions = (
				Base,
				en,
			);
			mainGroup = D927DFB4C45849E607D0FC81;
			minimizedProjectReferenceProxies = 1;
			packageReferences = (
				AEF0A7420442EE44D62A6523 /* XCRemoteSwiftPackageReference "Highlightr" */,
				A8B13974FE087991024A3FCD /* XCRemoteSwiftPackageReference "lucide-swift" */,
				E4F09FC52CA242014D05DB21 /* XCRemoteSwiftPackageReference "SwiftTerm" */,
				82AD56BBD81D53B5F164E4FA /* XCLocalSwiftPackageReference "Packages/RuimtePulsar" */,
				26AAEDEB62D7609C88958B40 /* XCLocalSwiftPackageReference "Packages/RuimteTransport" */,
			);
			preferredProjectObjectVersion = 77;
			productRefGroup = 73F389015C48C67AED5707FE /* Products */;
			projectDirPath = "";
			projectRoot = "";
			targets = (
				7BD22B99EFE8225CBEC272FF /* Ruimte */,
				CC1E9C6B630AB02BD409FA1C /* RuimteNotificationService */,
				20562AFB64029FA09F8FEB87 /* RuimteActivityWidget */,
				390F8A4420E764647BD7C81E /* RuimteTests */,
				EAA03EF8BFA73179705758BD /* RuimteUITests */,
			);
		};
/* End PBXProject section */

/* Begin PBXResourcesBuildPhase section */
		386668DA34C5229FC97DA5CC /* Resources */ = {
			isa = PBXResourcesBuildPhase;
			buildActionMask = 2147483647;
			files = (
				0ADF4AA4572DAF49C8A26900 /* AppIcon.icon in Resources */,
				C077E0093362AFCFC0EE2B3F /* Assets.xcassets in Resources */,
				BD2BF8096B72184143296EA2 /* Lucide-LICENSE.txt in Resources */,
				59959A4B0DD426A2CB3F1DCF /* PrivacyInfo.xcprivacy in Resources */,
				C245FE68B77F65BA226290AA /* document-renderer-licenses.txt in Resources */,
				01A24DD7477F2A95C9EF42E0 /* document-renderer.js in Resources */,
			);
			runOnlyForDeploymentPostprocessing = 0;
		};
		47FB4F1B71B8E863E05FF1D6 /* Resources */ = {
			isa = PBXResourcesBuildPhase;
			buildActionMask = 2147483647;
			files = (
				802A9A9A193CDB146D037CE7 /* PrivacyInfo.xcprivacy in Resources */,
			);
			runOnlyForDeploymentPostprocessing = 0;
		};
		7945538D9800CA1E3AF3426C /* Resources */ = {
			isa = PBXResourcesBuildPhase;
			buildActionMask = 2147483647;
			files = (
				3760C5DDD3133E07A429B593 /* document-scenes.json in Resources */,
			);
			runOnlyForDeploymentPostprocessing = 0;
		};
		D33867D5A71A8D3D595395C4 /* Resources */ = {
			isa = PBXResourcesBuildPhase;
			buildActionMask = 2147483647;
			files = (
				8B2254D79E8EC2C6114D483C /* PrivacyInfo.xcprivacy in Resources */,
			);
			runOnlyForDeploymentPostprocessing = 0;
		};
/* End PBXResourcesBuildPhase section */

/* Begin PBXSourcesBuildPhase section */
		10612AA9FFBC184EF33069B5 /* Sources */ = {
			isa = PBXSourcesBuildPhase;
			buildActionMask = 2147483647;
			files = (
				9E88FFD2A389FE45658CA72E /* RuimteActivityWidget.swift in Sources */,
			);
			runOnlyForDeploymentPostprocessing = 0;
		};
		4E31CD0744EBD4A9FCD6B78F /* Sources */ = {
			isa = PBXSourcesBuildPhase;
			buildActionMask = 2147483647;
			files = (
				3FF11289E9C9D97393BA9DEC /* AttentionStoreTests.swift in Sources */,
				0E75E028596697B06343F2F1 /* CanvasRenderTests.swift in Sources */,
				D5C5B6D3EA9D21DAA758BF79 /* ChatContentTests.swift in Sources */,
				F0D66FF5708BF6087C3BF13E /* ChatPreferencesTests.swift in Sources */,
				397C943D1175F19383822284 /* ChatPresentationTests.swift in Sources */,
				F874D15FCB67EC40A7D42242 /* ChatScrollTests.swift in Sources */,
				36FDA8A2969517F544C26207 /* DocumentSceneTests.swift in Sources */,
				DD033916C188637B3EA2D645 /* DrawingEditorTests.swift in Sources */,
				0A14CC9ED096B72837DF02F5 /* IceCandidateTests.swift in Sources */,
				EF671DDC2475C1E41165F98F /* MachineIconTests.swift in Sources */,
				C22613F143FD3C92F3C92D76 /* MachineRemovalTests.swift in Sources */,
				CBEDB2E1BC1FB79D8CF7BC7D /* PhaseZeroTests.swift in Sources */,
				E95A1AC133CF67657CEA99A3 /* ProjectArtworkTests.swift in Sources */,
				902C7797057362CD5310734B /* RuntimeStartupTests.swift in Sources */,
				269F292047616E3FDBF0B071 /* SessionScreenTests.swift in Sources */,
				85A5AD591051CFA625E43D32 /* SessionVisualTests.swift in Sources */,
				4F55FC08F38F77B99650C774 /* SessionWorkspaceTests.swift in Sources */,
				1D2828131C689B78A675A365 /* TerminalCompatibilityTests.swift in Sources */,
				2BBA3A08D2566FBC4229CC85 /* UnifiedProjectsTests.swift in Sources */,
				9DE1A20BEBFF846DDB83A793 /* UsageMoneyTests.swift in Sources */,
				B8D72A9CB141E5034E0596D4 /* WorkspaceViewSectionsTests.swift in Sources */,
				732C447BB97BFB93D6C23AD5 /* WorkspaceVisualTests.swift in Sources */,
			);
			runOnlyForDeploymentPostprocessing = 0;
		};
		85F66D187785D853ADF116AD /* Sources */ = {
			isa = PBXSourcesBuildPhase;
			buildActionMask = 2147483647;
			files = (
				D6FD6C3785D1017DC74B3E80 /* NotificationService.swift in Sources */,
			);
			runOnlyForDeploymentPostprocessing = 0;
		};
		876A5165EFE26DD5F147BC07 /* Sources */ = {
			isa = PBXSourcesBuildPhase;
			buildActionMask = 2147483647;
			files = (
				7DAD7D659128BC2DA3F462E8 /* NavigationRowTests.swift in Sources */,
			);
			runOnlyForDeploymentPostprocessing = 0;
		};
		ADE820AD3652E4E3E50F3730 /* Sources */ = {
			isa = PBXSourcesBuildPhase;
			buildActionMask = 2147483647;
			files = (
				8C9FF1DDE620F87C9C84679C /* AppHome.swift in Sources */,
				525328BF92CFEE7D18F48DD5 /* AppRuntime.swift in Sources */,
				13BAE6AC89AFF1FD2B6383B4 /* AttentionStore.swift in Sources */,
				3391D7C7568ED8FABAA9E13F /* BrowserPage.swift in Sources */,
				3AF2536CFF4F274E9CA1F5B2 /* CanvasPage.swift in Sources */,
				48437C2B5BE9581B5612DF61 /* ChatActivityViews.swift in Sources */,
				163336C54358D26ACE3FBF53 /* ChatAttachmentButton.swift in Sources */,
				3A580D1A13AD08B9E927CEA4 /* ChatContent.swift in Sources */,
				93687A4E25E26ACA4330A642 /* ChatDraftSyntax.swift in Sources */,
				47F63AED54BDD919F5D130A2 /* ChatFileChanges.swift in Sources */,
				3F688FC111081CCF1B4670DF /* ChatModel.swift in Sources */,
				646DFBD4CF754EC090A4239D /* ChatPreferences.swift in Sources */,
				27E066D39B716ECACB477F86 /* ChatPresentation.swift in Sources */,
				9DEFD88C67729CA71F4C0DD5 /* ChatScreen.swift in Sources */,
				778AE32AE0E2E71F919F2B69 /* ChatStreaming.swift in Sources */,
				22D4E7461B92CDB6FA1056BB /* ChatSubagentRow.swift in Sources */,
				3D31A6E3A8580B2F81EE4763 /* ChatTimeline.swift in Sources */,
				25B4857503D8DFE755FF2A5B /* ChatUserMessage.swift in Sources */,
				AFB579E716E1378515894206 /* ConnectionProbe.swift in Sources */,
				F224DF80655AF5E08A5C578A /* ConnectionScreen.swift in Sources */,
				6E1E9DBFECB1FDABD1209FFE /* DocumentSceneLoader.swift in Sources */,
				41C3D20B7971939ABCAF2C24 /* DrawingAuthoring.swift in Sources */,
				0C7BBCCED0B7814415E137A6 /* DrawingCanvas.swift in Sources */,
				994370BF753F1907C78FE8EE /* DrawingEditorModel.swift in Sources */,
				2713C14E0E58D28E9F2CC645 /* DrawingEditorPage.swift in Sources */,
				290C515FDEC7C2A90EB7AA84 /* DrawingExport.swift in Sources */,
				6FA11605D9DE166F6C21D25C /* GitPage.swift in Sources */,
				A0DBF00425A7018625CCB128 /* LucideIcon.swift in Sources */,
				71F165040D575E124BBD716E /* MachineDetailsPage.swift in Sources */,
				A11951888F286F8452A731D0 /* MachineFilesPage.swift in Sources */,
				4B24983BBCA17EA6F22632D7 /* MachineIconState.swift in Sources */,
				10DF53C41E4349033B09883C /* MachineProjectsPage.swift in Sources */,
				27F033AF6D9F55F874FD2E76 /* MachineUsagePage.swift in Sources */,
				5D12CA030642E3773A89AC7D /* MarkdownBlocks.swift in Sources */,
				7A56FE4D5A125ECE0A147680 /* MarkdownMessage.swift in Sources */,
				5C706502AEBC21A671990235 /* MobileJSON.swift in Sources */,
				CAF7E05732303B93FF25B469 /* MobileScrollViewport.swift in Sources */,
				8270B0185E659FCCEDE90765 /* MobileSheet.swift in Sources */,
				BCC27CF32DABE9F578EDC78C /* MobileSidebarList.swift in Sources */,
				451BCDFFE5D34B03207983C4 /* MobileStyle.swift in Sources */,
				62D36AE12D4AFBB7A1AECA5C /* MobileWorkspace.swift in Sources */,
				D3AE70D4B71CD32DD8D34D42 /* NotificationCoordinator.swift in Sources */,
				EE74DF5514DD201C33ACEA3E /* NotificationSessionPage.swift in Sources */,
				5789AC87C3A36DD33EE7D7DD /* NotificationsSettingsPage.swift in Sources */,
				2A5A29AD37DB5525CEEB9105 /* PairMachinePage.swift in Sources */,
				F4C315E3ABE645471F0C04C1 /* ProjectArtwork.swift in Sources */,
				8B77DAF04DE9F9840327A5CC /* ProjectSVGRasterizer.swift in Sources */,
				BA4E5634A953498E6EC34816 /* RemotePage.swift in Sources */,
				F6559A2EF1AE52B8885568D7 /* RenderDocumentPage.swift in Sources */,
				E2188F2FE2D263B6F0876E58 /* RichChatComposer.swift in Sources */,
				A29BA09E98A9386B690A002A /* RuimteApp.swift in Sources */,
				AEFABCFC364116F1A99CC8A8 /* SharedMachineSession.swift in Sources */,
				DCDA9FE7463803051C29BB51 /* TerminalModel.swift in Sources */,
				53D62364DA576BC5C95FD341 /* TerminalScreen.swift in Sources */,
				4A72905CB7BB90167D5186BD /* TerminalSnapshot.swift in Sources */,
				BA623D7F1AD8EA29890E9E41 /* UnifiedProjects.swift in Sources */,
				036421AA923C27CCC1A4FE3A /* UsageMoneyFormatter.swift in Sources */,
				0C50DA276AE717B500B6D27B /* ViewIconPicker.swift in Sources */,
				7A520DCC7261AB8C8C61F18C /* WelcomePage.swift in Sources */,
				9F7A6C18F309CBA783F95A4E /* WorkspaceNavigation.swift in Sources */,
				008FD13D8AE76883BA6E4C0A /* WorkspacePage.swift in Sources */,
				74C49C8FF69574D8408DE421 /* WorkspaceViewSections.swift in Sources */,
			);
			runOnlyForDeploymentPostprocessing = 0;
		};
/* End PBXSourcesBuildPhase section */

/* Begin PBXTargetDependency section */
		2EE63068175FDB1CBD735CAB /* PBXTargetDependency */ = {
			isa = PBXTargetDependency;
			target = CC1E9C6B630AB02BD409FA1C /* RuimteNotificationService */;
			targetProxy = D9289AB9E9F1457CA1A5FAC2 /* PBXContainerItemProxy */;
		};
		7EA94F29AF0303FCBD8171CE /* PBXTargetDependency */ = {
			isa = PBXTargetDependency;
			target = 20562AFB64029FA09F8FEB87 /* RuimteActivityWidget */;
			targetProxy = 07297B38AD818700B9B377CB /* PBXContainerItemProxy */;
		};
		86FEE882B7C12E168DBF5A64 /* PBXTargetDependency */ = {
			isa = PBXTargetDependency;
			target = 7BD22B99EFE8225CBEC272FF /* Ruimte */;
			targetProxy = 33A429305B9546FFA4096648 /* PBXContainerItemProxy */;
		};
		F0EC35721461D3408AD4BE56 /* PBXTargetDependency */ = {
			isa = PBXTargetDependency;
			target = 7BD22B99EFE8225CBEC272FF /* Ruimte */;
			targetProxy = B62312E9F965BA5A13BE4F59 /* PBXContainerItemProxy */;
		};
/* End PBXTargetDependency section */

/* Begin XCBuildConfiguration section */
		0427AA5F04AB43BFDFBFEFD0 /* Debug */ = {
			isa = XCBuildConfiguration;
			buildSettings = {
				BUNDLE_LOADER = "$(TEST_HOST)";
				GENERATE_INFOPLIST_FILE = YES;
				LD_RUNPATH_SEARCH_PATHS = (
					"$(inherited)",
					"@executable_path/Frameworks",
					"@loader_path/Frameworks",
				);
				PRODUCT_BUNDLE_IDENTIFIER = app.ruimte.mobile.uitests;
				SDKROOT = iphoneos;
				TARGETED_DEVICE_FAMILY = "1,2";
				TEST_TARGET_NAME = Ruimte;
			};
			name = Debug;
		};
		0C54455B8132A3FA2110E5BC /* Release */ = {
			isa = XCBuildConfiguration;
			buildSettings = {
				BUNDLE_LOADER = "$(TEST_HOST)";
				GENERATE_INFOPLIST_FILE = YES;
				LD_RUNPATH_SEARCH_PATHS = (
					"$(inherited)",
					"@executable_path/Frameworks",
					"@loader_path/Frameworks",
				);
				PRODUCT_BUNDLE_IDENTIFIER = app.ruimte.mobile.tests;
				SDKROOT = iphoneos;
				TARGETED_DEVICE_FAMILY = "1,2";
				TEST_HOST = "$(BUILT_PRODUCTS_DIR)/Ruimte.app/Ruimte";
			};
			name = Release;
		};
		30377EBD8C187A5B9303249E /* Debug */ = {
			isa = XCBuildConfiguration;
			buildSettings = {
				ASSETCATALOG_COMPILER_APPICON_NAME = AppIcon;
				CODE_SIGN_ENTITLEMENTS = App/Ruimte.entitlements;
				CODE_SIGN_IDENTITY = "iPhone Developer";
				GENERATE_INFOPLIST_FILE = YES;
				INFOPLIST_FILE = App/Info.plist;
				INFOPLIST_KEY_CFBundleDisplayName = Ruimte;
				INFOPLIST_KEY_UILaunchScreen_Generation = YES;
				LD_RUNPATH_SEARCH_PATHS = (
					"$(inherited)",
					"@executable_path/Frameworks",
				);
				PRODUCT_BUNDLE_IDENTIFIER = app.ruimte.mobile;
				PUSH_ENVIRONMENT = development;
				SDKROOT = iphoneos;
				TARGETED_DEVICE_FAMILY = "1,2";
			};
			name = Debug;
		};
		353BCA88064C0FE9551E49A4 /* Debug */ = {
			isa = XCBuildConfiguration;
			baseConfigurationReference = 7B61834D13B0B0A358C25F44 /* Build.xcconfig */;
			buildSettings = {
				ALWAYS_SEARCH_USER_PATHS = NO;
				CLANG_ANALYZER_NONNULL = YES;
				CLANG_ANALYZER_NUMBER_OBJECT_CONVERSION = YES_AGGRESSIVE;
				CLANG_CXX_LANGUAGE_STANDARD = "gnu++14";
				CLANG_CXX_LIBRARY = "libc++";
				CLANG_ENABLE_MODULES = YES;
				CLANG_ENABLE_OBJC_ARC = YES;
				CLANG_ENABLE_OBJC_WEAK = YES;
				CLANG_WARN_BLOCK_CAPTURE_AUTORELEASING = YES;
				CLANG_WARN_BOOL_CONVERSION = YES;
				CLANG_WARN_COMMA = YES;
				CLANG_WARN_CONSTANT_CONVERSION = YES;
				CLANG_WARN_DEPRECATED_OBJC_IMPLEMENTATIONS = YES;
				CLANG_WARN_DIRECT_OBJC_ISA_USAGE = YES_ERROR;
				CLANG_WARN_DOCUMENTATION_COMMENTS = YES;
				CLANG_WARN_EMPTY_BODY = YES;
				CLANG_WARN_ENUM_CONVERSION = YES;
				CLANG_WARN_INFINITE_RECURSION = YES;
				CLANG_WARN_INT_CONVERSION = YES;
				CLANG_WARN_NON_LITERAL_NULL_CONVERSION = YES;
				CLANG_WARN_OBJC_IMPLICIT_RETAIN_SELF = YES;
				CLANG_WARN_OBJC_LITERAL_CONVERSION = YES;
				CLANG_WARN_OBJC_ROOT_CLASS = YES_ERROR;
				CLANG_WARN_QUOTED_INCLUDE_IN_FRAMEWORK_HEADER = YES;
				CLANG_WARN_RANGE_LOOP_ANALYSIS = YES;
				CLANG_WARN_STRICT_PROTOTYPES = YES;
				CLANG_WARN_SUSPICIOUS_MOVE = YES;
				CLANG_WARN_UNGUARDED_AVAILABILITY = YES_AGGRESSIVE;
				CLANG_WARN_UNREACHABLE_CODE = YES;
				CLANG_WARN__DUPLICATE_METHOD_MATCH = YES;
				CODE_SIGN_STYLE = Automatic;
				COPY_PHASE_STRIP = NO;
				CURRENT_PROJECT_VERSION = 1;
				DEBUG_INFORMATION_FORMAT = dwarf;
				ENABLE_STRICT_OBJC_MSGSEND = YES;
				ENABLE_TESTABILITY = YES;
				GCC_C_LANGUAGE_STANDARD = gnu11;
				GCC_DYNAMIC_NO_PIC = NO;
				GCC_NO_COMMON_BLOCKS = YES;
				GCC_OPTIMIZATION_LEVEL = 0;
				GCC_PREPROCESSOR_DEFINITIONS = (
					"$(inherited)",
					"DEBUG=1",
				);
				GCC_WARN_64_TO_32_BIT_CONVERSION = YES;
				GCC_WARN_ABOUT_RETURN_TYPE = YES_ERROR;
				GCC_WARN_UNDECLARED_SELECTOR = YES;
				GCC_WARN_UNINITIALIZED_AUTOS = YES_AGGRESSIVE;
				GCC_WARN_UNUSED_FUNCTION = YES;
				GCC_WARN_UNUSED_VARIABLE = YES;
				IPHONEOS_DEPLOYMENT_TARGET = 26.0;
				MARKETING_VERSION = 0.1.0;
				MTL_ENABLE_DEBUG_INFO = INCLUDE_SOURCE;
				MTL_FAST_MATH = YES;
				ONLY_ACTIVE_ARCH = YES;
				PRODUCT_NAME = "$(TARGET_NAME)";
				SDKROOT = iphoneos;
				SWIFT_ACTIVE_COMPILATION_CONDITIONS = DEBUG;
				SWIFT_OPTIMIZATION_LEVEL = "-Onone";
				SWIFT_VERSION = 6.0;
				TARGETED_DEVICE_FAMILY = "1,2";
				VERSIONING_SYSTEM = "apple-generic";
			};
			name = Debug;
		};
		3D16FC94E13E91346736759F /* Release */ = {
			isa = XCBuildConfiguration;
			buildSettings = {
				ASSETCATALOG_COMPILER_APPICON_NAME = AppIcon;
				CODE_SIGN_ENTITLEMENTS = App/Ruimte.entitlements;
				CODE_SIGN_IDENTITY = "iPhone Developer";
				GENERATE_INFOPLIST_FILE = YES;
				INFOPLIST_FILE = App/Info.plist;
				INFOPLIST_KEY_CFBundleDisplayName = Ruimte;
				INFOPLIST_KEY_UILaunchScreen_Generation = YES;
				LD_RUNPATH_SEARCH_PATHS = (
					"$(inherited)",
					"@executable_path/Frameworks",
				);
				PRODUCT_BUNDLE_IDENTIFIER = app.ruimte.mobile;
				PUSH_ENVIRONMENT = production;
				SDKROOT = iphoneos;
				TARGETED_DEVICE_FAMILY = "1,2";
			};
			name = Release;
		};
		83EA0782E916252D69B2B4E3 /* Release */ = {
			isa = XCBuildConfiguration;
			buildSettings = {
				APPLICATION_EXTENSION_API_ONLY = YES;
				INFOPLIST_FILE = Extensions/ActivityWidget/Info.plist;
				LD_RUNPATH_SEARCH_PATHS = (
					"$(inherited)",
					"@executable_path/Frameworks",
					"@executable_path/../../Frameworks",
				);
				PRODUCT_BUNDLE_IDENTIFIER = app.ruimte.mobile.activity;
				SDKROOT = iphoneos;
				SKIP_INSTALL = YES;
				TARGETED_DEVICE_FAMILY = "1,2";
			};
			name = Release;
		};
		B48936D74323A921F0739D40 /* Release */ = {
			isa = XCBuildConfiguration;
			buildSettings = {
				APPLICATION_EXTENSION_API_ONLY = YES;
				CODE_SIGN_ENTITLEMENTS = Extensions/NotificationService/NotificationService.entitlements;
				INFOPLIST_FILE = Extensions/NotificationService/Info.plist;
				LD_RUNPATH_SEARCH_PATHS = (
					"$(inherited)",
					"@executable_path/Frameworks",
					"@executable_path/../../Frameworks",
				);
				PRODUCT_BUNDLE_IDENTIFIER = app.ruimte.mobile.notifications;
				SDKROOT = iphoneos;
				SKIP_INSTALL = YES;
				TARGETED_DEVICE_FAMILY = "1,2";
			};
			name = Release;
		};
		C186A99FA1BD23BFE2E31F06 /* Release */ = {
			isa = XCBuildConfiguration;
			buildSettings = {
				BUNDLE_LOADER = "$(TEST_HOST)";
				GENERATE_INFOPLIST_FILE = YES;
				LD_RUNPATH_SEARCH_PATHS = (
					"$(inherited)",
					"@executable_path/Frameworks",
					"@loader_path/Frameworks",
				);
				PRODUCT_BUNDLE_IDENTIFIER = app.ruimte.mobile.uitests;
				SDKROOT = iphoneos;
				TARGETED_DEVICE_FAMILY = "1,2";
				TEST_TARGET_NAME = Ruimte;
			};
			name = Release;
		};
		D70BDDF64AD87D93109C3B9E /* Debug */ = {
			isa = XCBuildConfiguration;
			buildSettings = {
				BUNDLE_LOADER = "$(TEST_HOST)";
				GENERATE_INFOPLIST_FILE = YES;
				LD_RUNPATH_SEARCH_PATHS = (
					"$(inherited)",
					"@executable_path/Frameworks",
					"@loader_path/Frameworks",
				);
				PRODUCT_BUNDLE_IDENTIFIER = app.ruimte.mobile.tests;
				SDKROOT = iphoneos;
				TARGETED_DEVICE_FAMILY = "1,2";
				TEST_HOST = "$(BUILT_PRODUCTS_DIR)/Ruimte.app/Ruimte";
			};
			name = Debug;
		};
		E231C5E4F9E11593D32EBE34 /* Debug */ = {
			isa = XCBuildConfiguration;
			buildSettings = {
				APPLICATION_EXTENSION_API_ONLY = YES;
				CODE_SIGN_ENTITLEMENTS = Extensions/NotificationService/NotificationService.entitlements;
				INFOPLIST_FILE = Extensions/NotificationService/Info.plist;
				LD_RUNPATH_SEARCH_PATHS = (
					"$(inherited)",
					"@executable_path/Frameworks",
					"@executable_path/../../Frameworks",
				);
				PRODUCT_BUNDLE_IDENTIFIER = app.ruimte.mobile.notifications;
				SDKROOT = iphoneos;
				SKIP_INSTALL = YES;
				TARGETED_DEVICE_FAMILY = "1,2";
			};
			name = Debug;
		};
		F27EA5CF5BD0CD21F745AA03 /* Release */ = {
			isa = XCBuildConfiguration;
			baseConfigurationReference = 7B61834D13B0B0A358C25F44 /* Build.xcconfig */;
			buildSettings = {
				ALWAYS_SEARCH_USER_PATHS = NO;
				CLANG_ANALYZER_NONNULL = YES;
				CLANG_ANALYZER_NUMBER_OBJECT_CONVERSION = YES_AGGRESSIVE;
				CLANG_CXX_LANGUAGE_STANDARD = "gnu++14";
				CLANG_CXX_LIBRARY = "libc++";
				CLANG_ENABLE_MODULES = YES;
				CLANG_ENABLE_OBJC_ARC = YES;
				CLANG_ENABLE_OBJC_WEAK = YES;
				CLANG_WARN_BLOCK_CAPTURE_AUTORELEASING = YES;
				CLANG_WARN_BOOL_CONVERSION = YES;
				CLANG_WARN_COMMA = YES;
				CLANG_WARN_CONSTANT_CONVERSION = YES;
				CLANG_WARN_DEPRECATED_OBJC_IMPLEMENTATIONS = YES;
				CLANG_WARN_DIRECT_OBJC_ISA_USAGE = YES_ERROR;
				CLANG_WARN_DOCUMENTATION_COMMENTS = YES;
				CLANG_WARN_EMPTY_BODY = YES;
				CLANG_WARN_ENUM_CONVERSION = YES;
				CLANG_WARN_INFINITE_RECURSION = YES;
				CLANG_WARN_INT_CONVERSION = YES;
				CLANG_WARN_NON_LITERAL_NULL_CONVERSION = YES;
				CLANG_WARN_OBJC_IMPLICIT_RETAIN_SELF = YES;
				CLANG_WARN_OBJC_LITERAL_CONVERSION = YES;
				CLANG_WARN_OBJC_ROOT_CLASS = YES_ERROR;
				CLANG_WARN_QUOTED_INCLUDE_IN_FRAMEWORK_HEADER = YES;
				CLANG_WARN_RANGE_LOOP_ANALYSIS = YES;
				CLANG_WARN_STRICT_PROTOTYPES = YES;
				CLANG_WARN_SUSPICIOUS_MOVE = YES;
				CLANG_WARN_UNGUARDED_AVAILABILITY = YES_AGGRESSIVE;
				CLANG_WARN_UNREACHABLE_CODE = YES;
				CLANG_WARN__DUPLICATE_METHOD_MATCH = YES;
				CODE_SIGN_STYLE = Automatic;
				COPY_PHASE_STRIP = NO;
				CURRENT_PROJECT_VERSION = 1;
				DEBUG_INFORMATION_FORMAT = "dwarf-with-dsym";
				ENABLE_NS_ASSERTIONS = NO;
				ENABLE_STRICT_OBJC_MSGSEND = YES;
				GCC_C_LANGUAGE_STANDARD = gnu11;
				GCC_NO_COMMON_BLOCKS = YES;
				GCC_WARN_64_TO_32_BIT_CONVERSION = YES;
				GCC_WARN_ABOUT_RETURN_TYPE = YES_ERROR;
				GCC_WARN_UNDECLARED_SELECTOR = YES;
				GCC_WARN_UNINITIALIZED_AUTOS = YES_AGGRESSIVE;
				GCC_WARN_UNUSED_FUNCTION = YES;
				GCC_WARN_UNUSED_VARIABLE = YES;
				IPHONEOS_DEPLOYMENT_TARGET = 26.0;
				MARKETING_VERSION = 0.1.0;
				MTL_ENABLE_DEBUG_INFO = NO;
				MTL_FAST_MATH = YES;
				PRODUCT_NAME = "$(TARGET_NAME)";
				SDKROOT = iphoneos;
				SWIFT_COMPILATION_MODE = wholemodule;
				SWIFT_OPTIMIZATION_LEVEL = "-O";
				SWIFT_VERSION = 6.0;
				TARGETED_DEVICE_FAMILY = "1,2";
				VERSIONING_SYSTEM = "apple-generic";
			};
			name = Release;
		};
		FF573E1EAAE3BCE8DE5BC990 /* Debug */ = {
			isa = XCBuildConfiguration;
			buildSettings = {
				APPLICATION_EXTENSION_API_ONLY = YES;
				INFOPLIST_FILE = Extensions/ActivityWidget/Info.plist;
				LD_RUNPATH_SEARCH_PATHS = (
					"$(inherited)",
					"@executable_path/Frameworks",
					"@executable_path/../../Frameworks",
				);
				PRODUCT_BUNDLE_IDENTIFIER = app.ruimte.mobile.activity;
				SDKROOT = iphoneos;
				SKIP_INSTALL = YES;
				TARGETED_DEVICE_FAMILY = "1,2";
			};
			name = Debug;
		};
/* End XCBuildConfiguration section */

/* Begin XCConfigurationList section */
		16C9238F09D0646715680382 /* Build configuration list for PBXNativeTarget "RuimteActivityWidget" */ = {
			isa = XCConfigurationList;
			buildConfigurations = (
				FF573E1EAAE3BCE8DE5BC990 /* Debug */,
				83EA0782E916252D69B2B4E3 /* Release */,
			);
			defaultConfigurationIsVisible = 0;
			defaultConfigurationName = Debug;
		};
		86FEE135152280027B602746 /* Build configuration list for PBXProject "Ruimte" */ = {
			isa = XCConfigurationList;
			buildConfigurations = (
				353BCA88064C0FE9551E49A4 /* Debug */,
				F27EA5CF5BD0CD21F745AA03 /* Release */,
			);
			defaultConfigurationIsVisible = 0;
			defaultConfigurationName = Debug;
		};
		B9E348BBF0F392905155212A /* Build configuration list for PBXNativeTarget "RuimteUITests" */ = {
			isa = XCConfigurationList;
			buildConfigurations = (
				0427AA5F04AB43BFDFBFEFD0 /* Debug */,
				C186A99FA1BD23BFE2E31F06 /* Release */,
			);
			defaultConfigurationIsVisible = 0;
			defaultConfigurationName = Debug;
		};
		BAE288A6E0EEC2F404E24BA2 /* Build configuration list for PBXNativeTarget "RuimteNotificationService" */ = {
			isa = XCConfigurationList;
			buildConfigurations = (
				E231C5E4F9E11593D32EBE34 /* Debug */,
				B48936D74323A921F0739D40 /* Release */,
			);
			defaultConfigurationIsVisible = 0;
			defaultConfigurationName = Debug;
		};
		C93D14CECDFC12F8547EA98A /* Build configuration list for PBXNativeTarget "RuimteTests" */ = {
			isa = XCConfigurationList;
			buildConfigurations = (
				D70BDDF64AD87D93109C3B9E /* Debug */,
				0C54455B8132A3FA2110E5BC /* Release */,
			);
			defaultConfigurationIsVisible = 0;
			defaultConfigurationName = Debug;
		};
		F21C154C11282F7550E79E87 /* Build configuration list for PBXNativeTarget "Ruimte" */ = {
			isa = XCConfigurationList;
			buildConfigurations = (
				30377EBD8C187A5B9303249E /* Debug */,
				3D16FC94E13E91346736759F /* Release */,
			);
			defaultConfigurationIsVisible = 0;
			defaultConfigurationName = Debug;
		};
/* End XCConfigurationList section */

/* Begin XCLocalSwiftPackageReference section */
		26AAEDEB62D7609C88958B40 /* XCLocalSwiftPackageReference "Packages/RuimteTransport" */ = {
			isa = XCLocalSwiftPackageReference;
			relativePath = Packages/RuimteTransport;
		};
		82AD56BBD81D53B5F164E4FA /* XCLocalSwiftPackageReference "Packages/RuimtePulsar" */ = {
			isa = XCLocalSwiftPackageReference;
			relativePath = Packages/RuimtePulsar;
		};
/* End XCLocalSwiftPackageReference section */

/* Begin XCRemoteSwiftPackageReference section */
		A8B13974FE087991024A3FCD /* XCRemoteSwiftPackageReference "lucide-swift" */ = {
			isa = XCRemoteSwiftPackageReference;
			repositoryURL = "https://github.com/ajaxjiang96/lucide-swift.git";
			requirement = {
				kind = exactVersion;
				version = 0.9.5;
			};
		};
		AEF0A7420442EE44D62A6523 /* XCRemoteSwiftPackageReference "Highlightr" */ = {
			isa = XCRemoteSwiftPackageReference;
			repositoryURL = "https://github.com/raspu/Highlightr.git";
			requirement = {
				kind = exactVersion;
				version = 2.3.0;
			};
		};
		E4F09FC52CA242014D05DB21 /* XCRemoteSwiftPackageReference "SwiftTerm" */ = {
			isa = XCRemoteSwiftPackageReference;
			repositoryURL = "https://github.com/migueldeicaza/SwiftTerm.git";
			requirement = {
				kind = exactVersion;
				version = 1.15.0;
			};
		};
/* End XCRemoteSwiftPackageReference section */

/* Begin XCSwiftPackageProductDependency section */
		06F665001E0BC007A06510C8 /* LucideSwift */ = {
			isa = XCSwiftPackageProductDependency;
			package = A8B13974FE087991024A3FCD /* XCRemoteSwiftPackageReference "lucide-swift" */;
			productName = LucideSwift;
		};
		10DFA2EA63182CCBE1B7810F /* LucideSwift */ = {
			isa = XCSwiftPackageProductDependency;
			package = A8B13974FE087991024A3FCD /* XCRemoteSwiftPackageReference "lucide-swift" */;
			productName = LucideSwift;
		};
		11D5B18726EAC79012111C1C /* RuimteTransport */ = {
			isa = XCSwiftPackageProductDependency;
			productName = RuimteTransport;
		};
		2E14885FED297F540167B50D /* LucideSwift */ = {
			isa = XCSwiftPackageProductDependency;
			package = A8B13974FE087991024A3FCD /* XCRemoteSwiftPackageReference "lucide-swift" */;
			productName = LucideSwift;
		};
		37621C952E69C77E98AD85B1 /* Highlightr */ = {
			isa = XCSwiftPackageProductDependency;
			package = AEF0A7420442EE44D62A6523 /* XCRemoteSwiftPackageReference "Highlightr" */;
			productName = Highlightr;
		};
		3E8822A475571AAC0CFCF10F /* RuimtePulsar */ = {
			isa = XCSwiftPackageProductDependency;
			productName = RuimtePulsar;
		};
		6FFA42FE75679D801B5D68D6 /* RuimteTransport */ = {
			isa = XCSwiftPackageProductDependency;
			productName = RuimteTransport;
		};
		7BBC3D3E95A8FFA51AEDDEE1 /* RuimtePulsar */ = {
			isa = XCSwiftPackageProductDependency;
			productName = RuimtePulsar;
		};
		7DD6852AA11DD8F3D8DDDBDF /* SwiftTerm */ = {
			isa = XCSwiftPackageProductDependency;
			package = E4F09FC52CA242014D05DB21 /* XCRemoteSwiftPackageReference "SwiftTerm" */;
			productName = SwiftTerm;
		};
		9C53340AF650FD1171130411 /* RuimtePulsar */ = {
			isa = XCSwiftPackageProductDependency;
			productName = RuimtePulsar;
		};
		D356DC5C4DF0605AD7A64646 /* RuimtePulsar */ = {
			isa = XCSwiftPackageProductDependency;
			productName = RuimtePulsar;
		};
/* End XCSwiftPackageProductDependency section */
	};
	rootObject = 27157708FDFF436D10EB2555 /* Project object */;
}
